
Microsoft Visual Studio Solution File, Format Version 12.00
# Visual Studio Version 16
VisualStudioVersion = 16.0.30014.187
MinimumVisualStudioVersion = 10.0.40219.1
Project("{2150E333-8FDC-42A3-9474-1A3956D46DE8}") = "Src", "Src", "{7D9CD1F7-DAA6-4A40-B7CB-CBE9563209FD}"
EndProject
Project("{2150E333-8FDC-42A3-9474-1A3956D46DE8}") = "Test", "Test", "{06C2AE73-CFD3-4AF4-92F5-723E0C47D65B}"
EndProject
Project("{9A19103F-16F7-4668-BE54-9A1E7A4F7556}") = "AkkaTest", "Src\Test\AkkaTest\AkkaTest.csproj", "{5C7FEDE6-6E7C-45E3-A09F-A327F8A948D7}"
EndProject
Project("{9A19103F-16F7-4668-BE54-9A1E7A4F7556}") = "Akka.MGIHelper", "Src\Test\UITest\Akka.MGIHelper\Akka.MGIHelper.csproj", "{D5D1CDC3-00AB-4176-BD67-71B0E7474566}"
EndProject
Project("{2150E333-8FDC-42A3-9474-1A3956D46DE8}") = "Shared", "Shared", "{9F0D00CD-133F-412C-B87F-EE6051E28700}"
EndProject
Project("{9A19103F-16F7-4668-BE54-9A1E7A4F7556}") = "Tauron.Application.Common", "Src\Shared\Tauron.Application.Common\Tauron.Application.Common.csproj", "{E7B330C5-1B07-494C-A530-0D8C28162992}"
EndProject
Project("{9A19103F-16F7-4668-BE54-9A1E7A4F7556}") = "Tauron.Application.Logging", "Src\Shared\Tauron.Application.Logging\Tauron.Application.Logging.csproj", "{C800A8A6-F3CD-477F-8ED9-B63AEB4E8981}"
EndProject
Project("{9A19103F-16F7-4668-BE54-9A1E7A4F7556}") = "Tauron.Application.Settings", "Src\Shared\Tauron.Application.Settings\Tauron.Application.Settings.csproj", "{1F5CA0BD-FF78-4F9D-B0D7-9B689FCC5E4D}"
EndProject
Project("{9A19103F-16F7-4668-BE54-9A1E7A4F7556}") = "Tauron.Application.Workshop", "Src\Shared\Tauron.Application.Workshop\Tauron.Application.Workshop.csproj", "{FD43F776-A1EB-4555-9500-9A49CD88540A}"
EndProject
Project("{9A19103F-16F7-4668-BE54-9A1E7A4F7556}") = "Tauron.Application.CommonUI", "Src\Shared\Tauron.Application.CommonUI\Tauron.Application.CommonUI.csproj", "{9CDC3C7B-4C4A-4D90-B95A-EFDDA2142F77}"
EndProject
Project("{9A19103F-16F7-4668-BE54-9A1E7A4F7556}") = "Tauron.Application.Wpf", "Src\Shared\Tauron.Application.Wpf\Tauron.Application.Wpf.csproj", "{83678611-7973-42CA-B655-9BD975D56570}"
EndProject
Project("{9A19103F-16F7-4668-BE54-9A1E7A4F7556}") = "Tauron.Application.Avalonia", "Src\Shared\Tauron.Application.Avalonia\Tauron.Application.Avalonia.csproj", "{FDCB6B43-4478-4487-B61C-D0A687C9CE09}"
EndProject
Project("{2150E333-8FDC-42A3-9474-1A3956D46DE8}") = "Apps", "Apps", "{79F4F24B-7CCF-4905-8933-2D43F86AE096}"
EndProject
Project("{2150E333-8FDC-42A3-9474-1A3956D46DE8}") = "DevTools", "DevTools", "{D32A84E7-9DA0-461D-B03B-267E84B7D778}"
EndProject
Project("{2150E333-8FDC-42A3-9474-1A3956D46DE8}") = "Localizer", "Localizer", "{D4A2CFCE-6382-4E73-9BE9-E5EC6482D1CE}"
EndProject
Project("{9A19103F-16F7-4668-BE54-9A1E7A4F7556}") = "Tauron.Application.Localizer.DataModel", "Src\Apps\DevTools\Localizer\Tauron.Application.Localizer.DataModel\Tauron.Application.Localizer.DataModel.csproj", "{2C336734-6EA1-452C-9C9B-694731170AE3}"
EndProject
Global
	GlobalSection(SolutionConfigurationPlatforms) = preSolution
		Debug|Any CPU = Debug|Any CPU
		Release|Any CPU = Release|Any CPU
	EndGlobalSection
	GlobalSection(ProjectConfigurationPlatforms) = postSolution
		{5C7FEDE6-6E7C-45E3-A09F-A327F8A948D7}.Debug|Any CPU.ActiveCfg = Debug|Any CPU
		{5C7FEDE6-6E7C-45E3-A09F-A327F8A948D7}.Debug|Any CPU.Build.0 = Debug|Any CPU
		{5C7FEDE6-6E7C-45E3-A09F-A327F8A948D7}.Release|Any CPU.ActiveCfg = Release|Any CPU
		{5C7FEDE6-6E7C-45E3-A09F-A327F8A948D7}.Release|Any CPU.Build.0 = Release|Any CPU
		{D5D1CDC3-00AB-4176-BD67-71B0E7474566}.Debug|Any CPU.ActiveCfg = Debug|Any CPU
		{D5D1CDC3-00AB-4176-BD67-71B0E7474566}.Debug|Any CPU.Build.0 = Debug|Any CPU
		{D5D1CDC3-00AB-4176-BD67-71B0E7474566}.Release|Any CPU.ActiveCfg = Release|Any CPU
		{D5D1CDC3-00AB-4176-BD67-71B0E7474566}.Release|Any CPU.Build.0 = Release|Any CPU
		{E7B330C5-1B07-494C-A530-0D8C28162992}.Debug|Any CPU.ActiveCfg = Debug|Any CPU
		{E7B330C5-1B07-494C-A530-0D8C28162992}.Debug|Any CPU.Build.0 = Debug|Any CPU
		{E7B330C5-1B07-494C-A530-0D8C28162992}.Release|Any CPU.ActiveCfg = Release|Any CPU
		{E7B330C5-1B07-494C-A530-0D8C28162992}.Release|Any CPU.Build.0 = Release|Any CPU
		{C800A8A6-F3CD-477F-8ED9-B63AEB4E8981}.Debug|Any CPU.ActiveCfg = Debug|Any CPU
		{C800A8A6-F3CD-477F-8ED9-B63AEB4E8981}.Debug|Any CPU.Build.0 = Debug|Any CPU
		{C800A8A6-F3CD-477F-8ED9-B63AEB4E8981}.Release|Any CPU.ActiveCfg = Release|Any CPU
		{C800A8A6-F3CD-477F-8ED9-B63AEB4E8981}.Release|Any CPU.Build.0 = Release|Any CPU
		{1F5CA0BD-FF78-4F9D-B0D7-9B689FCC5E4D}.Debug|Any CPU.ActiveCfg = Debug|Any CPU
		{1F5CA0BD-FF78-4F9D-B0D7-9B689FCC5E4D}.Debug|Any CPU.Build.0 = Debug|Any CPU
		{1F5CA0BD-FF78-4F9D-B0D7-9B689FCC5E4D}.Release|Any CPU.ActiveCfg = Release|Any CPU
		{1F5CA0BD-FF78-4F9D-B0D7-9B689FCC5E4D}.Release|Any CPU.Build.0 = Release|Any CPU
		{FD43F776-A1EB-4555-9500-9A49CD88540A}.Debug|Any CPU.ActiveCfg = Debug|Any CPU
		{FD43F776-A1EB-4555-9500-9A49CD88540A}.Debug|Any CPU.Build.0 = Debug|Any CPU
		{FD43F776-A1EB-4555-9500-9A49CD88540A}.Release|Any CPU.ActiveCfg = Release|Any CPU
		{FD43F776-A1EB-4555-9500-9A49CD88540A}.Release|Any CPU.Build.0 = Release|Any CPU
		{9CDC3C7B-4C4A-4D90-B95A-EFDDA2142F77}.Debug|Any CPU.ActiveCfg = Debug|Any CPU
		{9CDC3C7B-4C4A-4D90-B95A-EFDDA2142F77}.Debug|Any CPU.Build.0 = Debug|Any CPU
		{9CDC3C7B-4C4A-4D90-B95A-EFDDA2142F77}.Release|Any CPU.ActiveCfg = Release|Any CPU
		{9CDC3C7B-4C4A-4D90-B95A-EFDDA2142F77}.Release|Any CPU.Build.0 = Release|Any CPU
		{83678611-7973-42CA-B655-9BD975D56570}.Debug|Any CPU.ActiveCfg = Debug|Any CPU
		{83678611-7973-42CA-B655-9BD975D56570}.Debug|Any CPU.Build.0 = Debug|Any CPU
		{83678611-7973-42CA-B655-9BD975D56570}.Release|Any CPU.ActiveCfg = Release|Any CPU
		{83678611-7973-42CA-B655-9BD975D56570}.Release|Any CPU.Build.0 = Release|Any CPU
		{FDCB6B43-4478-4487-B61C-D0A687C9CE09}.Debug|Any CPU.ActiveCfg = Debug|Any CPU
		{FDCB6B43-4478-4487-B61C-D0A687C9CE09}.Debug|Any CPU.Build.0 = Debug|Any CPU
		{FDCB6B43-4478-4487-B61C-D0A687C9CE09}.Release|Any CPU.ActiveCfg = Release|Any CPU
		{FDCB6B43-4478-4487-B61C-D0A687C9CE09}.Release|Any CPU.Build.0 = Release|Any CPU
		{2C336734-6EA1-452C-9C9B-694731170AE3}.Debug|Any CPU.ActiveCfg = Debug|Any CPU
		{2C336734-6EA1-452C-9C9B-694731170AE3}.Debug|Any CPU.Build.0 = Debug|Any CPU
		{2C336734-6EA1-452C-9C9B-694731170AE3}.Release|Any CPU.ActiveCfg = Release|Any CPU
		{2C336734-6EA1-452C-9C9B-694731170AE3}.Release|Any CPU.Build.0 = Release|Any CPU
	EndGlobalSection
	GlobalSection(SolutionProperties) = preSolution
		HideSolutionNode = FALSE
	EndGlobalSection
	GlobalSection(NestedProjects) = preSolution
		{06C2AE73-CFD3-4AF4-92F5-723E0C47D65B} = {7D9CD1F7-DAA6-4A40-B7CB-CBE9563209FD}
		{5C7FEDE6-6E7C-45E3-A09F-A327F8A948D7} = {06C2AE73-CFD3-4AF4-92F5-723E0C47D65B}
		{D5D1CDC3-00AB-4176-BD67-71B0E7474566} = {06C2AE73-CFD3-4AF4-92F5-723E0C47D65B}
		{9F0D00CD-133F-412C-B87F-EE6051E28700} = {7D9CD1F7-DAA6-4A40-B7CB-CBE9563209FD}
		{E7B330C5-1B07-494C-A530-0D8C28162992} = {9F0D00CD-133F-412C-B87F-EE6051E28700}
		{C800A8A6-F3CD-477F-8ED9-B63AEB4E8981} = {9F0D00CD-133F-412C-B87F-EE6051E28700}
		{1F5CA0BD-FF78-4F9D-B0D7-9B689FCC5E4D} = {9F0D00CD-133F-412C-B87F-EE6051E28700}
		{FD43F776-A1EB-4555-9500-9A49CD88540A} = {9F0D00CD-133F-412C-B87F-EE6051E28700}
		{9CDC3C7B-4C4A-4D90-B95A-EFDDA2142F77} = {9F0D00CD-133F-412C-B87F-EE6051E28700}
		{83678611-7973-42CA-B655-9BD975D56570} = {9F0D00CD-133F-412C-B87F-EE6051E28700}
		{FDCB6B43-4478-4487-B61C-D0A687C9CE09} = {9F0D00CD-133F-412C-B87F-EE6051E28700}
		{79F4F24B-7CCF-4905-8933-2D43F86AE096} = {7D9CD1F7-DAA6-4A40-B7CB-CBE9563209FD}
		{D32A84E7-9DA0-461D-B03B-267E84B7D778} = {79F4F24B-7CCF-4905-8933-2D43F86AE096}
		{D4A2CFCE-6382-4E73-9BE9-E5EC6482D1CE} = {D32A84E7-9DA0-461D-B03B-267E84B7D778}
		{2C336734-6EA1-452C-9C9B-694731170AE3} = {D4A2CFCE-6382-4E73-9BE9-E5EC6482D1CE}
	EndGlobalSection
	GlobalSection(ExtensibilityGlobals) = postSolution
		SolutionGuid = {F63AD2ED-4320-43AB-8761-A3FEBC507539}
	EndGlobalSection
EndGlobal
