
Microsoft Visual Studio Solution File, Format Version 12.00
# Visual Studio Version 16
VisualStudioVersion = 16.0.30014.187
MinimumVisualStudioVersion = 10.0.40219.1
Project("{2150E333-8FDC-42A3-9474-1A3956D46DE8}") = "Src", "Src", "{7D9CD1F7-DAA6-4A40-B7CB-CBE9563209FD}"
EndProject
Project("{2150E333-8FDC-42A3-9474-1A3956D46DE8}") = "Test", "Test", "{06C2AE73-CFD3-4AF4-92F5-723E0C47D65B}"
EndProject
Project("{9A19103F-16F7-4668-BE54-9A1E7A4F7556}") = "AkkaTest", "Src\Test\AkkaTest\AkkaTest.csproj", "{5C7FEDE6-6E7C-45E3-A09F-A327F8A948D7}"
EndProject
Project("{9A19103F-16F7-4668-BE54-9A1E7A4F7556}") = "Akka.MGIHelper", "Src\Test\UITest\Akka.MGIHelper\Akka.MGIHelper.csproj", "{D5D1CDC3-00AB-4176-BD67-71B0E7474566}"
EndProject
Project("{2150E333-8FDC-42A3-9474-1A3956D46DE8}") = "Shared", "Shared", "{9F0D00CD-133F-412C-B87F-EE6051E28700}"
EndProject
Project("{9A19103F-16F7-4668-BE54-9A1E7A4F7556}") = "Tauron.Application.Common", "Src\Shared\Tauron.Application.Common\Tauron.Application.Common.csproj", "{E7B330C5-1B07-494C-A530-0D8C28162992}"
EndProject
Project("{9A19103F-16F7-4668-BE54-9A1E7A4F7556}") = "Tauron.Application.Logging", "Src\Shared\Tauron.Application.Logging\Tauron.Application.Logging.csproj", "{C800A8A6-F3CD-477F-8ED9-B63AEB4E8981}"
EndProject
Project("{9A19103F-16F7-4668-BE54-9A1E7A4F7556}") = "Tauron.Application.Settings", "Src\Shared\Tauron.Application.Settings\Tauron.Application.Settings.csproj", "{1F5CA0BD-FF78-4F9D-B0D7-9B689FCC5E4D}"
EndProject
Project("{9A19103F-16F7-4668-BE54-9A1E7A4F7556}") = "Tauron.Application.Workshop", "Src\Shared\Tauron.Application.Workshop\Tauron.Application.Workshop.csproj", "{FD43F776-A1EB-4555-9500-9A49CD88540A}"
EndProject
Project("{9A19103F-16F7-4668-BE54-9A1E7A4F7556}") = "Tauron.Application.CommonUI", "Src\Shared\Tauron.Application.CommonUI\Tauron.Application.CommonUI.csproj", "{9CDC3C7B-4C4A-4D90-B95A-EFDDA2142F77}"
EndProject
Project("{9A19103F-16F7-4668-BE54-9A1E7A4F7556}") = "Tauron.Application.Wpf", "Src\Shared\Tauron.Application.Wpf\Tauron.Application.Wpf.csproj", "{83678611-7973-42CA-B655-9BD975D56570}"
EndProject
Project("{9A19103F-16F7-4668-BE54-9A1E7A4F7556}") = "Tauron.Application.Avalonia", "Src\Shared\Tauron.Application.Avalonia\Tauron.Application.Avalonia.csproj", "{FDCB6B43-4478-4487-B61C-D0A687C9CE09}"
EndProject
Project("{2150E333-8FDC-42A3-9474-1A3956D46DE8}") = "Apps", "Apps", "{79F4F24B-7CCF-4905-8933-2D43F86AE096}"
EndProject
Project("{2150E333-8FDC-42A3-9474-1A3956D46DE8}") = "DevTools", "DevTools", "{D32A84E7-9DA0-461D-B03B-267E84B7D778}"
EndProject
Project("{2150E333-8FDC-42A3-9474-1A3956D46DE8}") = "Localizer", "Localizer", "{D4A2CFCE-6382-4E73-9BE9-E5EC6482D1CE}"
EndProject
Project("{9A19103F-16F7-4668-BE54-9A1E7A4F7556}") = "Tauron.Application.Localizer.DataModel", "Src\Apps\DevTools\Localizer\Tauron.Application.Localizer.DataModel\Tauron.Application.Localizer.DataModel.csproj", "{2C336734-6EA1-452C-9C9B-694731170AE3}"
EndProject
Project("{9A19103F-16F7-4668-BE54-9A1E7A4F7556}") = "Tauron.Application.Localizer.UIModels", "Src\Apps\DevTools\Localizer\Tauron.Application.Localizer.UIModels\Tauron.Application.Localizer.UIModels.csproj", "{16E02E49-1116-4284-B4BB-2641C8A40327}"
EndProject
Project("{9A19103F-16F7-4668-BE54-9A1E7A4F7556}") = "Tauron.Application.Localizer", "Src\Apps\DevTools\Localizer\Tauron.Application.Localizer\Tauron.Application.Localizer.csproj", "{88EC912A-E819-491A-8FCD-C18A79E70645}"
EndProject
Project("{9A19103F-16F7-4668-BE54-9A1E7A4F7556}") = "Tauron.Application.Wpf.SerilogViewer", "Src\Shared\Tauron.Application.Wpf.SerilogViewer\Tauron.Application.Wpf.SerilogViewer.csproj", "{064CAF13-F47E-4600-81FB-6EE65111127F}"
EndProject
Project("{9A19103F-16F7-4668-BE54-9A1E7A4F7556}") = "AutoUpdateRunner", "Src\Apps\DevTools\AutoUpdateRunner\AutoUpdateRunner.csproj", "{5319C56A-7E3E-4A43-B65F-F60F05536E56}"
EndProject
Project("{2150E333-8FDC-42A3-9474-1A3956D46DE8}") = "External", "External", "{5DA10D28-1EE7-49F9-B271-1102C5094467}"
EndProject
Project("{9A19103F-16F7-4668-BE54-9A1E7A4F7556}") = "LoadingIndicators.WPF", "Src\Shared\External\LoadingIndicators.WPF\LoadingIndicators.WPF.csproj", "{39EE9965-E737-4D95-8443-C0D14DAA86D6}"
EndProject
Project("{9A19103F-16F7-4668-BE54-9A1E7A4F7556}") = "BeaconLib", "Src\Shared\External\BeaconLib\BeaconLib.csproj", "{812F0D4C-ACC9-42AF-A386-40315DBA0FB2}"
EndProject
Project("{9A19103F-16F7-4668-BE54-9A1E7A4F7556}") = "Akka.Cluster.Utility", "Src\Shared\External\Akka.Cluster.Utility\Akka.Cluster.Utility.csproj", "{5CE1573F-2FBC-47CA-9306-8515AF537AA0}"
EndProject
Project("{9A19103F-16F7-4668-BE54-9A1E7A4F7556}") = "Akkatecture", "Src\Shared\External\Akkatecture\Akkatecture.csproj", "{788A0712-8363-46C4-AF01-987376C0FCCD}"
EndProject
Project("{9A19103F-16F7-4668-BE54-9A1E7A4F7556}") = "Akkatecture.Cluster", "Src\Shared\External\Akkatecture.Cluster\Akkatecture.Cluster.csproj", "{A028A643-057F-479C-9080-C638A0F40641}"
EndProject
Project("{9A19103F-16F7-4668-BE54-9A1E7A4F7556}") = "Tauron.Application.Files", "Src\Shared\Tauron.Application.Files\Tauron.Application.Files.csproj", "{B54AEC6B-30F2-472A-9B6B-FA52120702E4}"
EndProject
Project("{9A19103F-16F7-4668-BE54-9A1E7A4F7556}") = "Tauron.Akkatecture.Projections", "Src\Shared\Tauron.Akkatecture.Projections\Tauron.Akkatecture.Projections.csproj", "{97FB4E66-53AF-40E5-9645-E94F7E146929}"
EndProject
Project("{9A19103F-16F7-4668-BE54-9A1E7A4F7556}") = "SeriLogViewer", "Src\Apps\DevTools\SeriLogViewer\SeriLogViewer.csproj", "{B2B779E8-C25A-4163-84A4-D96FCB54D09B}"
EndProject
Project("{2150E333-8FDC-42A3-9474-1A3956D46DE8}") = "Backend", "Backend", "{5240E794-95D4-4B50-8E87-22417D517216}"
EndProject
Project("{2150E333-8FDC-42A3-9474-1A3956D46DE8}") = "FrontEnd", "FrontEnd", "{B59E2F2F-0151-457A-A44C-37101D412149}"
EndProject
Project("{2150E333-8FDC-42A3-9474-1A3956D46DE8}") = "Shared", "Shared", "{5BF63585-1BC8-4426-B759-1A8F11C84B84}"
EndProject
Project("{9A19103F-16F7-4668-BE54-9A1E7A4F7556}") = "Tauron.Application.SoftwareRepo", "Src\Shared\Tauron.Application.SoftwareRepo\Tauron.Application.SoftwareRepo.csproj", "{F625FE82-9C0C-4311-8DF9-9D5F715A3C93}"
EndProject
Project("{9A19103F-16F7-4668-BE54-9A1E7A4F7556}") = "Tauron.Application.AkkNode.Services", "Src\Apps\Shared\Tauron.Application.AkkNode.Services\Tauron.Application.AkkNode.Services.csproj", "{DA9FE433-00BC-4867-B7B2-110A479353D0}"
EndProject
Project("{9A19103F-16F7-4668-BE54-9A1E7A4F7556}") = "Tauron.Application.Master.Commands", "Src\Apps\Shared\Tauron.Application.Master.Commands\Tauron.Application.Master.Commands.csproj", "{5796968C-4CF1-4604-B206-DC073E836D0D}"
EndProject
Project("{9A19103F-16F7-4668-BE54-9A1E7A4F7556}") = "Tauron.Application.AkkaNode.Boottrap", "Src\Apps\Shared\Tauron.Application.AkkaNode.Boottrap\Tauron.Application.AkkaNode.Boottrap.csproj", "{A5C372A4-9762-4CE5-906C-24075813C668}"
EndProject
Project("{9A19103F-16F7-4668-BE54-9A1E7A4F7556}") = "Master.Seed.Node", "Src\Apps\Backend\Master.Seed.Node\Master.Seed.Node.csproj", "{11BB59CC-0AF4-4CD0-9011-F72D129E1291}"
EndProject
Project("{9A19103F-16F7-4668-BE54-9A1E7A4F7556}") = "Servicemnager.Networking", "Src\Apps\Shared\Servicemnager.Networking\Servicemnager.Networking.csproj", "{F7E8094E-1875-4EA4-8A72-48DCF2123F0A}"
EndProject
Project("{2150E333-8FDC-42A3-9474-1A3956D46DE8}") = "Solution Items", "Solution Items", "{52BB75FE-B68B-4CA9-A34A-4A8E26CF5AF1}"
	ProjectSection(SolutionItems) = preProject
		Info.txt = Info.txt
	EndProjectSection
EndProject
Global
	GlobalSection(SolutionConfigurationPlatforms) = preSolution
		Debug|Any CPU = Debug|Any CPU
		Release|Any CPU = Release|Any CPU
	EndGlobalSection
	GlobalSection(ProjectConfigurationPlatforms) = postSolution
		{5C7FEDE6-6E7C-45E3-A09F-A327F8A948D7}.Debug|Any CPU.ActiveCfg = Debug|Any CPU
		{5C7FEDE6-6E7C-45E3-A09F-A327F8A948D7}.Debug|Any CPU.Build.0 = Debug|Any CPU
		{5C7FEDE6-6E7C-45E3-A09F-A327F8A948D7}.Release|Any CPU.ActiveCfg = Release|Any CPU
		{5C7FEDE6-6E7C-45E3-A09F-A327F8A948D7}.Release|Any CPU.Build.0 = Release|Any CPU
		{D5D1CDC3-00AB-4176-BD67-71B0E7474566}.Debug|Any CPU.ActiveCfg = Debug|Any CPU
		{D5D1CDC3-00AB-4176-BD67-71B0E7474566}.Debug|Any CPU.Build.0 = Debug|Any CPU
		{D5D1CDC3-00AB-4176-BD67-71B0E7474566}.Release|Any CPU.ActiveCfg = Release|Any CPU
		{D5D1CDC3-00AB-4176-BD67-71B0E7474566}.Release|Any CPU.Build.0 = Release|Any CPU
		{E7B330C5-1B07-494C-A530-0D8C28162992}.Debug|Any CPU.ActiveCfg = Debug|Any CPU
		{E7B330C5-1B07-494C-A530-0D8C28162992}.Debug|Any CPU.Build.0 = Debug|Any CPU
		{E7B330C5-1B07-494C-A530-0D8C28162992}.Release|Any CPU.ActiveCfg = Release|Any CPU
		{E7B330C5-1B07-494C-A530-0D8C28162992}.Release|Any CPU.Build.0 = Release|Any CPU
		{C800A8A6-F3CD-477F-8ED9-B63AEB4E8981}.Debug|Any CPU.ActiveCfg = Debug|Any CPU
		{C800A8A6-F3CD-477F-8ED9-B63AEB4E8981}.Debug|Any CPU.Build.0 = Debug|Any CPU
		{C800A8A6-F3CD-477F-8ED9-B63AEB4E8981}.Release|Any CPU.ActiveCfg = Release|Any CPU
		{C800A8A6-F3CD-477F-8ED9-B63AEB4E8981}.Release|Any CPU.Build.0 = Release|Any CPU
		{1F5CA0BD-FF78-4F9D-B0D7-9B689FCC5E4D}.Debug|Any CPU.ActiveCfg = Debug|Any CPU
		{1F5CA0BD-FF78-4F9D-B0D7-9B689FCC5E4D}.Debug|Any CPU.Build.0 = Debug|Any CPU
		{1F5CA0BD-FF78-4F9D-B0D7-9B689FCC5E4D}.Release|Any CPU.ActiveCfg = Release|Any CPU
		{1F5CA0BD-FF78-4F9D-B0D7-9B689FCC5E4D}.Release|Any CPU.Build.0 = Release|Any CPU
		{FD43F776-A1EB-4555-9500-9A49CD88540A}.Debug|Any CPU.ActiveCfg = Debug|Any CPU
		{FD43F776-A1EB-4555-9500-9A49CD88540A}.Debug|Any CPU.Build.0 = Debug|Any CPU
		{FD43F776-A1EB-4555-9500-9A49CD88540A}.Release|Any CPU.ActiveCfg = Release|Any CPU
		{FD43F776-A1EB-4555-9500-9A49CD88540A}.Release|Any CPU.Build.0 = Release|Any CPU
		{9CDC3C7B-4C4A-4D90-B95A-EFDDA2142F77}.Debug|Any CPU.ActiveCfg = Debug|Any CPU
		{9CDC3C7B-4C4A-4D90-B95A-EFDDA2142F77}.Debug|Any CPU.Build.0 = Debug|Any CPU
		{9CDC3C7B-4C4A-4D90-B95A-EFDDA2142F77}.Release|Any CPU.ActiveCfg = Release|Any CPU
		{9CDC3C7B-4C4A-4D90-B95A-EFDDA2142F77}.Release|Any CPU.Build.0 = Release|Any CPU
		{83678611-7973-42CA-B655-9BD975D56570}.Debug|Any CPU.ActiveCfg = Debug|Any CPU
		{83678611-7973-42CA-B655-9BD975D56570}.Debug|Any CPU.Build.0 = Debug|Any CPU
		{83678611-7973-42CA-B655-9BD975D56570}.Release|Any CPU.ActiveCfg = Release|Any CPU
		{83678611-7973-42CA-B655-9BD975D56570}.Release|Any CPU.Build.0 = Release|Any CPU
		{FDCB6B43-4478-4487-B61C-D0A687C9CE09}.Debug|Any CPU.ActiveCfg = Debug|Any CPU
		{FDCB6B43-4478-4487-B61C-D0A687C9CE09}.Debug|Any CPU.Build.0 = Debug|Any CPU
		{FDCB6B43-4478-4487-B61C-D0A687C9CE09}.Release|Any CPU.ActiveCfg = Release|Any CPU
		{FDCB6B43-4478-4487-B61C-D0A687C9CE09}.Release|Any CPU.Build.0 = Release|Any CPU
		{2C336734-6EA1-452C-9C9B-694731170AE3}.Debug|Any CPU.ActiveCfg = Debug|Any CPU
		{2C336734-6EA1-452C-9C9B-694731170AE3}.Debug|Any CPU.Build.0 = Debug|Any CPU
		{2C336734-6EA1-452C-9C9B-694731170AE3}.Release|Any CPU.ActiveCfg = Release|Any CPU
		{2C336734-6EA1-452C-9C9B-694731170AE3}.Release|Any CPU.Build.0 = Release|Any CPU
		{16E02E49-1116-4284-B4BB-2641C8A40327}.Debug|Any CPU.ActiveCfg = Debug|Any CPU
		{16E02E49-1116-4284-B4BB-2641C8A40327}.Debug|Any CPU.Build.0 = Debug|Any CPU
		{16E02E49-1116-4284-B4BB-2641C8A40327}.Release|Any CPU.ActiveCfg = Release|Any CPU
		{16E02E49-1116-4284-B4BB-2641C8A40327}.Release|Any CPU.Build.0 = Release|Any CPU
		{88EC912A-E819-491A-8FCD-C18A79E70645}.Debug|Any CPU.ActiveCfg = Debug|Any CPU
		{88EC912A-E819-491A-8FCD-C18A79E70645}.Debug|Any CPU.Build.0 = Debug|Any CPU
		{88EC912A-E819-491A-8FCD-C18A79E70645}.Release|Any CPU.ActiveCfg = Release|Any CPU
		{88EC912A-E819-491A-8FCD-C18A79E70645}.Release|Any CPU.Build.0 = Release|Any CPU
		{064CAF13-F47E-4600-81FB-6EE65111127F}.Debug|Any CPU.ActiveCfg = Debug|Any CPU
		{064CAF13-F47E-4600-81FB-6EE65111127F}.Debug|Any CPU.Build.0 = Debug|Any CPU
		{064CAF13-F47E-4600-81FB-6EE65111127F}.Release|Any CPU.ActiveCfg = Release|Any CPU
		{064CAF13-F47E-4600-81FB-6EE65111127F}.Release|Any CPU.Build.0 = Release|Any CPU
		{5319C56A-7E3E-4A43-B65F-F60F05536E56}.Debug|Any CPU.ActiveCfg = Debug|Any CPU
		{5319C56A-7E3E-4A43-B65F-F60F05536E56}.Debug|Any CPU.Build.0 = Debug|Any CPU
		{5319C56A-7E3E-4A43-B65F-F60F05536E56}.Release|Any CPU.ActiveCfg = Release|Any CPU
		{5319C56A-7E3E-4A43-B65F-F60F05536E56}.Release|Any CPU.Build.0 = Release|Any CPU
		{39EE9965-E737-4D95-8443-C0D14DAA86D6}.Debug|Any CPU.ActiveCfg = Debug|Any CPU
		{39EE9965-E737-4D95-8443-C0D14DAA86D6}.Debug|Any CPU.Build.0 = Debug|Any CPU
		{39EE9965-E737-4D95-8443-C0D14DAA86D6}.Release|Any CPU.ActiveCfg = Release|Any CPU
		{39EE9965-E737-4D95-8443-C0D14DAA86D6}.Release|Any CPU.Build.0 = Release|Any CPU
		{812F0D4C-ACC9-42AF-A386-40315DBA0FB2}.Debug|Any CPU.ActiveCfg = Debug|Any CPU
		{812F0D4C-ACC9-42AF-A386-40315DBA0FB2}.Debug|Any CPU.Build.0 = Debug|Any CPU
		{812F0D4C-ACC9-42AF-A386-40315DBA0FB2}.Release|Any CPU.ActiveCfg = Release|Any CPU
		{812F0D4C-ACC9-42AF-A386-40315DBA0FB2}.Release|Any CPU.Build.0 = Release|Any CPU
		{5CE1573F-2FBC-47CA-9306-8515AF537AA0}.Debug|Any CPU.ActiveCfg = Debug|Any CPU
		{5CE1573F-2FBC-47CA-9306-8515AF537AA0}.Debug|Any CPU.Build.0 = Debug|Any CPU
		{5CE1573F-2FBC-47CA-9306-8515AF537AA0}.Release|Any CPU.ActiveCfg = Release|Any CPU
		{5CE1573F-2FBC-47CA-9306-8515AF537AA0}.Release|Any CPU.Build.0 = Release|Any CPU
		{788A0712-8363-46C4-AF01-987376C0FCCD}.Debug|Any CPU.ActiveCfg = Debug|Any CPU
		{788A0712-8363-46C4-AF01-987376C0FCCD}.Debug|Any CPU.Build.0 = Debug|Any CPU
		{788A0712-8363-46C4-AF01-987376C0FCCD}.Release|Any CPU.ActiveCfg = Release|Any CPU
		{788A0712-8363-46C4-AF01-987376C0FCCD}.Release|Any CPU.Build.0 = Release|Any CPU
		{A028A643-057F-479C-9080-C638A0F40641}.Debug|Any CPU.ActiveCfg = Debug|Any CPU
		{A028A643-057F-479C-9080-C638A0F40641}.Debug|Any CPU.Build.0 = Debug|Any CPU
		{A028A643-057F-479C-9080-C638A0F40641}.Release|Any CPU.ActiveCfg = Release|Any CPU
		{A028A643-057F-479C-9080-C638A0F40641}.Release|Any CPU.Build.0 = Release|Any CPU
		{B54AEC6B-30F2-472A-9B6B-FA52120702E4}.Debug|Any CPU.ActiveCfg = Debug|Any CPU
		{B54AEC6B-30F2-472A-9B6B-FA52120702E4}.Debug|Any CPU.Build.0 = Debug|Any CPU
		{B54AEC6B-30F2-472A-9B6B-FA52120702E4}.Release|Any CPU.ActiveCfg = Release|Any CPU
		{B54AEC6B-30F2-472A-9B6B-FA52120702E4}.Release|Any CPU.Build.0 = Release|Any CPU
		{97FB4E66-53AF-40E5-9645-E94F7E146929}.Debug|Any CPU.ActiveCfg = Debug|Any CPU
		{97FB4E66-53AF-40E5-9645-E94F7E146929}.Debug|Any CPU.Build.0 = Debug|Any CPU
		{97FB4E66-53AF-40E5-9645-E94F7E146929}.Release|Any CPU.ActiveCfg = Release|Any CPU
		{97FB4E66-53AF-40E5-9645-E94F7E146929}.Release|Any CPU.Build.0 = Release|Any CPU
		{B2B779E8-C25A-4163-84A4-D96FCB54D09B}.Debug|Any CPU.ActiveCfg = Debug|Any CPU
		{B2B779E8-C25A-4163-84A4-D96FCB54D09B}.Debug|Any CPU.Build.0 = Debug|Any CPU
		{B2B779E8-C25A-4163-84A4-D96FCB54D09B}.Release|Any CPU.ActiveCfg = Release|Any CPU
		{B2B779E8-C25A-4163-84A4-D96FCB54D09B}.Release|Any CPU.Build.0 = Release|Any CPU
		{F625FE82-9C0C-4311-8DF9-9D5F715A3C93}.Debug|Any CPU.ActiveCfg = Debug|Any CPU
		{F625FE82-9C0C-4311-8DF9-9D5F715A3C93}.Debug|Any CPU.Build.0 = Debug|Any CPU
		{F625FE82-9C0C-4311-8DF9-9D5F715A3C93}.Release|Any CPU.ActiveCfg = Release|Any CPU
		{F625FE82-9C0C-4311-8DF9-9D5F715A3C93}.Release|Any CPU.Build.0 = Release|Any CPU
		{DA9FE433-00BC-4867-B7B2-110A479353D0}.Debug|Any CPU.ActiveCfg = Debug|Any CPU
		{DA9FE433-00BC-4867-B7B2-110A479353D0}.Debug|Any CPU.Build.0 = Debug|Any CPU
		{DA9FE433-00BC-4867-B7B2-110A479353D0}.Release|Any CPU.ActiveCfg = Release|Any CPU
		{DA9FE433-00BC-4867-B7B2-110A479353D0}.Release|Any CPU.Build.0 = Release|Any CPU
		{5796968C-4CF1-4604-B206-DC073E836D0D}.Debug|Any CPU.ActiveCfg = Debug|Any CPU
		{5796968C-4CF1-4604-B206-DC073E836D0D}.Debug|Any CPU.Build.0 = Debug|Any CPU
		{5796968C-4CF1-4604-B206-DC073E836D0D}.Release|Any CPU.ActiveCfg = Release|Any CPU
		{5796968C-4CF1-4604-B206-DC073E836D0D}.Release|Any CPU.Build.0 = Release|Any CPU
		{A5C372A4-9762-4CE5-906C-24075813C668}.Debug|Any CPU.ActiveCfg = Debug|Any CPU
		{A5C372A4-9762-4CE5-906C-24075813C668}.Debug|Any CPU.Build.0 = Debug|Any CPU
		{A5C372A4-9762-4CE5-906C-24075813C668}.Release|Any CPU.ActiveCfg = Release|Any CPU
		{A5C372A4-9762-4CE5-906C-24075813C668}.Release|Any CPU.Build.0 = Release|Any CPU
		{11BB59CC-0AF4-4CD0-9011-F72D129E1291}.Debug|Any CPU.ActiveCfg = Debug|Any CPU
		{11BB59CC-0AF4-4CD0-9011-F72D129E1291}.Debug|Any CPU.Build.0 = Debug|Any CPU
		{11BB59CC-0AF4-4CD0-9011-F72D129E1291}.Release|Any CPU.ActiveCfg = Release|Any CPU
		{11BB59CC-0AF4-4CD0-9011-F72D129E1291}.Release|Any CPU.Build.0 = Release|Any CPU
		{F7E8094E-1875-4EA4-8A72-48DCF2123F0A}.Debug|Any CPU.ActiveCfg = Debug|Any CPU
		{F7E8094E-1875-4EA4-8A72-48DCF2123F0A}.Debug|Any CPU.Build.0 = Debug|Any CPU
		{F7E8094E-1875-4EA4-8A72-48DCF2123F0A}.Release|Any CPU.ActiveCfg = Release|Any CPU
		{F7E8094E-1875-4EA4-8A72-48DCF2123F0A}.Release|Any CPU.Build.0 = Release|Any CPU
	EndGlobalSection
	GlobalSection(SolutionProperties) = preSolution
		HideSolutionNode = FALSE
	EndGlobalSection
	GlobalSection(NestedProjects) = preSolution
		{06C2AE73-CFD3-4AF4-92F5-723E0C47D65B} = {7D9CD1F7-DAA6-4A40-B7CB-CBE9563209FD}
		{5C7FEDE6-6E7C-45E3-A09F-A327F8A948D7} = {06C2AE73-CFD3-4AF4-92F5-723E0C47D65B}
		{D5D1CDC3-00AB-4176-BD67-71B0E7474566} = {06C2AE73-CFD3-4AF4-92F5-723E0C47D65B}
		{9F0D00CD-133F-412C-B87F-EE6051E28700} = {7D9CD1F7-DAA6-4A40-B7CB-CBE9563209FD}
		{E7B330C5-1B07-494C-A530-0D8C28162992} = {9F0D00CD-133F-412C-B87F-EE6051E28700}
		{C800A8A6-F3CD-477F-8ED9-B63AEB4E8981} = {9F0D00CD-133F-412C-B87F-EE6051E28700}
		{1F5CA0BD-FF78-4F9D-B0D7-9B689FCC5E4D} = {9F0D00CD-133F-412C-B87F-EE6051E28700}
		{FD43F776-A1EB-4555-9500-9A49CD88540A} = {9F0D00CD-133F-412C-B87F-EE6051E28700}
		{9CDC3C7B-4C4A-4D90-B95A-EFDDA2142F77} = {9F0D00CD-133F-412C-B87F-EE6051E28700}
		{83678611-7973-42CA-B655-9BD975D56570} = {9F0D00CD-133F-412C-B87F-EE6051E28700}
		{FDCB6B43-4478-4487-B61C-D0A687C9CE09} = {9F0D00CD-133F-412C-B87F-EE6051E28700}
		{79F4F24B-7CCF-4905-8933-2D43F86AE096} = {7D9CD1F7-DAA6-4A40-B7CB-CBE9563209FD}
		{D32A84E7-9DA0-461D-B03B-267E84B7D778} = {79F4F24B-7CCF-4905-8933-2D43F86AE096}
		{D4A2CFCE-6382-4E73-9BE9-E5EC6482D1CE} = {D32A84E7-9DA0-461D-B03B-267E84B7D778}
		{2C336734-6EA1-452C-9C9B-694731170AE3} = {D4A2CFCE-6382-4E73-9BE9-E5EC6482D1CE}
		{16E02E49-1116-4284-B4BB-2641C8A40327} = {D4A2CFCE-6382-4E73-9BE9-E5EC6482D1CE}
		{88EC912A-E819-491A-8FCD-C18A79E70645} = {D4A2CFCE-6382-4E73-9BE9-E5EC6482D1CE}
		{064CAF13-F47E-4600-81FB-6EE65111127F} = {9F0D00CD-133F-412C-B87F-EE6051E28700}
		{5319C56A-7E3E-4A43-B65F-F60F05536E56} = {D32A84E7-9DA0-461D-B03B-267E84B7D778}
		{5DA10D28-1EE7-49F9-B271-1102C5094467} = {9F0D00CD-133F-412C-B87F-EE6051E28700}
		{39EE9965-E737-4D95-8443-C0D14DAA86D6} = {5DA10D28-1EE7-49F9-B271-1102C5094467}
		{812F0D4C-ACC9-42AF-A386-40315DBA0FB2} = {5DA10D28-1EE7-49F9-B271-1102C5094467}
		{5CE1573F-2FBC-47CA-9306-8515AF537AA0} = {5DA10D28-1EE7-49F9-B271-1102C5094467}
		{788A0712-8363-46C4-AF01-987376C0FCCD} = {5DA10D28-1EE7-49F9-B271-1102C5094467}
		{A028A643-057F-479C-9080-C638A0F40641} = {5DA10D28-1EE7-49F9-B271-1102C5094467}
		{B54AEC6B-30F2-472A-9B6B-FA52120702E4} = {9F0D00CD-133F-412C-B87F-EE6051E28700}
		{97FB4E66-53AF-40E5-9645-E94F7E146929} = {9F0D00CD-133F-412C-B87F-EE6051E28700}
		{B2B779E8-C25A-4163-84A4-D96FCB54D09B} = {D32A84E7-9DA0-461D-B03B-267E84B7D778}
		{5240E794-95D4-4B50-8E87-22417D517216} = {79F4F24B-7CCF-4905-8933-2D43F86AE096}
		{B59E2F2F-0151-457A-A44C-37101D412149} = {79F4F24B-7CCF-4905-8933-2D43F86AE096}
		{5BF63585-1BC8-4426-B759-1A8F11C84B84} = {79F4F24B-7CCF-4905-8933-2D43F86AE096}
		{F625FE82-9C0C-4311-8DF9-9D5F715A3C93} = {9F0D00CD-133F-412C-B87F-EE6051E28700}
		{DA9FE433-00BC-4867-B7B2-110A479353D0} = {5BF63585-1BC8-4426-B759-1A8F11C84B84}
		{5796968C-4CF1-4604-B206-DC073E836D0D} = {5BF63585-1BC8-4426-B759-1A8F11C84B84}
		{A5C372A4-9762-4CE5-906C-24075813C668} = {5BF63585-1BC8-4426-B759-1A8F11C84B84}
		{11BB59CC-0AF4-4CD0-9011-F72D129E1291} = {5240E794-95D4-4B50-8E87-22417D517216}
		{F7E8094E-1875-4EA4-8A72-48DCF2123F0A} = {5BF63585-1BC8-4426-B759-1A8F11C84B84}
	EndGlobalSection
	GlobalSection(ExtensibilityGlobals) = postSolution
		SolutionGuid = {F63AD2ED-4320-43AB-8761-A3FEBC507539}
	EndGlobalSection
EndGlobal
