
Microsoft Visual Studio Solution File, Format Version 12.00
# Visual Studio Version 16
VisualStudioVersion = 16.0.30014.187
MinimumVisualStudioVersion = 10.0.40219.1
Project("{2150E333-8FDC-42A3-9474-1A3956D46DE8}") = "Src", "Src", "{7D9CD1F7-DAA6-4A40-B7CB-CBE9563209FD}"
EndProject
Project("{2150E333-8FDC-42A3-9474-1A3956D46DE8}") = "Test", "Test", "{06C2AE73-CFD3-4AF4-92F5-723E0C47D65B}"
EndProject
Project("{9A19103F-16F7-4668-BE54-9A1E7A4F7556}") = "Akka.MGIHelper", "Src\Test\UITest\Akka.MGIHelper\Akka.MGIHelper.csproj", "{D5D1CDC3-00AB-4176-BD67-71B0E7474566}"
EndProject
Project("{2150E333-8FDC-42A3-9474-1A3956D46DE8}") = "Shared", "Shared", "{9F0D00CD-133F-412C-B87F-EE6051E28700}"
EndProject
Project("{9A19103F-16F7-4668-BE54-9A1E7A4F7556}") = "Tauron.Application.Common", "Src\Shared\Tauron.Application.Common\Tauron.Application.Common.csproj", "{E7B330C5-1B07-494C-A530-0D8C28162992}"
EndProject
Project("{9A19103F-16F7-4668-BE54-9A1E7A4F7556}") = "Tauron.Application.Logging", "Src\Shared\Tauron.Application.Logging\Tauron.Application.Logging.csproj", "{C800A8A6-F3CD-477F-8ED9-B63AEB4E8981}"
EndProject
Project("{9A19103F-16F7-4668-BE54-9A1E7A4F7556}") = "Tauron.Application.Settings", "Src\Shared\Tauron.Application.Settings\Tauron.Application.Settings.csproj", "{1F5CA0BD-FF78-4F9D-B0D7-9B689FCC5E4D}"
EndProject
Project("{9A19103F-16F7-4668-BE54-9A1E7A4F7556}") = "Tauron.Application.Workshop", "Src\Shared\Tauron.Application.Workshop\Tauron.Application.Workshop.csproj", "{FD43F776-A1EB-4555-9500-9A49CD88540A}"
EndProject
Project("{9A19103F-16F7-4668-BE54-9A1E7A4F7556}") = "Tauron.Application.CommonUI", "Src\Shared\Tauron.Application.CommonUI\Tauron.Application.CommonUI.csproj", "{9CDC3C7B-4C4A-4D90-B95A-EFDDA2142F77}"
EndProject
Project("{9A19103F-16F7-4668-BE54-9A1E7A4F7556}") = "Tauron.Application.Wpf", "Src\Shared\Tauron.Application.Wpf\Tauron.Application.Wpf.csproj", "{83678611-7973-42CA-B655-9BD975D56570}"
EndProject
Project("{9A19103F-16F7-4668-BE54-9A1E7A4F7556}") = "Tauron.Application.Avalonia", "Src\Shared\Tauron.Application.Avalonia\Tauron.Application.Avalonia.csproj", "{FDCB6B43-4478-4487-B61C-D0A687C9CE09}"
EndProject
Project("{2150E333-8FDC-42A3-9474-1A3956D46DE8}") = "Apps", "Apps", "{79F4F24B-7CCF-4905-8933-2D43F86AE096}"
EndProject
Project("{2150E333-8FDC-42A3-9474-1A3956D46DE8}") = "DevTools", "DevTools", "{D32A84E7-9DA0-461D-B03B-267E84B7D778}"
EndProject
Project("{2150E333-8FDC-42A3-9474-1A3956D46DE8}") = "Localizer", "Localizer", "{D4A2CFCE-6382-4E73-9BE9-E5EC6482D1CE}"
EndProject
Project("{9A19103F-16F7-4668-BE54-9A1E7A4F7556}") = "Tauron.Application.Localizer.DataModel", "Src\Apps\DevTools\Localizer\Tauron.Application.Localizer.DataModel\Tauron.Application.Localizer.DataModel.csproj", "{2C336734-6EA1-452C-9C9B-694731170AE3}"
EndProject
Project("{9A19103F-16F7-4668-BE54-9A1E7A4F7556}") = "Tauron.Application.Localizer.UIModels", "Src\Apps\DevTools\Localizer\Tauron.Application.Localizer.UIModels\Tauron.Application.Localizer.UIModels.csproj", "{16E02E49-1116-4284-B4BB-2641C8A40327}"
EndProject
Project("{9A19103F-16F7-4668-BE54-9A1E7A4F7556}") = "Tauron.Application.Localizer", "Src\Apps\DevTools\Localizer\Tauron.Application.Localizer\Tauron.Application.Localizer.csproj", "{88EC912A-E819-491A-8FCD-C18A79E70645}"
EndProject
Project("{9A19103F-16F7-4668-BE54-9A1E7A4F7556}") = "Tauron.Application.Wpf.SerilogViewer", "Src\Shared\Tauron.Application.Wpf.SerilogViewer\Tauron.Application.Wpf.SerilogViewer.csproj", "{064CAF13-F47E-4600-81FB-6EE65111127F}"
EndProject
Project("{9A19103F-16F7-4668-BE54-9A1E7A4F7556}") = "AutoUpdateRunner", "Src\Apps\DevTools\AutoUpdateRunner\AutoUpdateRunner.csproj", "{5319C56A-7E3E-4A43-B65F-F60F05536E56}"
EndProject
Project("{2150E333-8FDC-42A3-9474-1A3956D46DE8}") = "External", "External", "{5DA10D28-1EE7-49F9-B271-1102C5094467}"
EndProject
Project("{9A19103F-16F7-4668-BE54-9A1E7A4F7556}") = "LoadingIndicators.WPF", "Src\Shared\External\LoadingIndicators.WPF\LoadingIndicators.WPF.csproj", "{39EE9965-E737-4D95-8443-C0D14DAA86D6}"
EndProject
Project("{9A19103F-16F7-4668-BE54-9A1E7A4F7556}") = "BeaconLib", "Src\Shared\External\BeaconLib\BeaconLib.csproj", "{812F0D4C-ACC9-42AF-A386-40315DBA0FB2}"
EndProject
Project("{9A19103F-16F7-4668-BE54-9A1E7A4F7556}") = "Akka.Cluster.Utility", "Src\Shared\External\Akka.Cluster.Utility\Akka.Cluster.Utility.csproj", "{5CE1573F-2FBC-47CA-9306-8515AF537AA0}"
EndProject
Project("{9A19103F-16F7-4668-BE54-9A1E7A4F7556}") = "Akkatecture", "Src\Shared\External\Akkatecture\Akkatecture.csproj", "{788A0712-8363-46C4-AF01-987376C0FCCD}"
EndProject
Project("{9A19103F-16F7-4668-BE54-9A1E7A4F7556}") = "Akkatecture.Cluster", "Src\Shared\External\Akkatecture.Cluster\Akkatecture.Cluster.csproj", "{A028A643-057F-479C-9080-C638A0F40641}"
EndProject
Project("{9A19103F-16F7-4668-BE54-9A1E7A4F7556}") = "Tauron.Application.Files", "Src\Shared\Tauron.Application.Files\Tauron.Application.Files.csproj", "{B54AEC6B-30F2-472A-9B6B-FA52120702E4}"
EndProject
Project("{9A19103F-16F7-4668-BE54-9A1E7A4F7556}") = "Tauron.Akkatecture.Projections", "Src\Shared\Tauron.Akkatecture.Projections\Tauron.Akkatecture.Projections.csproj", "{97FB4E66-53AF-40E5-9645-E94F7E146929}"
EndProject
Project("{9A19103F-16F7-4668-BE54-9A1E7A4F7556}") = "SeriLogViewer", "Src\Apps\DevTools\SeriLogViewer\SeriLogViewer.csproj", "{B2B779E8-C25A-4163-84A4-D96FCB54D09B}"
EndProject
Project("{2150E333-8FDC-42A3-9474-1A3956D46DE8}") = "Backend", "Backend", "{5240E794-95D4-4B50-8E87-22417D517216}"
EndProject
Project("{2150E333-8FDC-42A3-9474-1A3956D46DE8}") = "FrontEnd", "FrontEnd", "{B59E2F2F-0151-457A-A44C-37101D412149}"
EndProject
Project("{2150E333-8FDC-42A3-9474-1A3956D46DE8}") = "Shared", "Shared", "{5BF63585-1BC8-4426-B759-1A8F11C84B84}"
EndProject
Project("{9A19103F-16F7-4668-BE54-9A1E7A4F7556}") = "Tauron.Application.SoftwareRepo", "Src\Shared\Tauron.Application.SoftwareRepo\Tauron.Application.SoftwareRepo.csproj", "{F625FE82-9C0C-4311-8DF9-9D5F715A3C93}"
EndProject
Project("{9A19103F-16F7-4668-BE54-9A1E7A4F7556}") = "Tauron.Application.AkkNode.Services", "Src\Apps\Shared\Tauron.Application.AkkNode.Services\Tauron.Application.AkkNode.Services.csproj", "{DA9FE433-00BC-4867-B7B2-110A479353D0}"
EndProject
Project("{9A19103F-16F7-4668-BE54-9A1E7A4F7556}") = "Tauron.Application.Master.Commands", "Src\Apps\Shared\Tauron.Application.Master.Commands\Tauron.Application.Master.Commands.csproj", "{5796968C-4CF1-4604-B206-DC073E836D0D}"
EndProject
Project("{9A19103F-16F7-4668-BE54-9A1E7A4F7556}") = "Tauron.Application.AkkaNode.Boottrap", "Src\Apps\Shared\Tauron.Application.AkkaNode.Boottrap\Tauron.Application.AkkaNode.Boottrap.csproj", "{A5C372A4-9762-4CE5-906C-24075813C668}"
EndProject
Project("{9A19103F-16F7-4668-BE54-9A1E7A4F7556}") = "Master.Seed.Node", "Src\Apps\Backend\Master.Seed.Node\Master.Seed.Node.csproj", "{11BB59CC-0AF4-4CD0-9011-F72D129E1291}"
EndProject
Project("{9A19103F-16F7-4668-BE54-9A1E7A4F7556}") = "Servicemnager.Networking", "Src\Apps\Shared\Servicemnager.Networking\Servicemnager.Networking.csproj", "{F7E8094E-1875-4EA4-8A72-48DCF2123F0A}"
EndProject
Project("{2150E333-8FDC-42A3-9474-1A3956D46DE8}") = "Solution Items", "Solution Items", "{52BB75FE-B68B-4CA9-A34A-4A8E26CF5AF1}"
	ProjectSection(SolutionItems) = preProject
		Info.txt = Info.txt
	EndProjectSection
EndProject
Project("{9A19103F-16F7-4668-BE54-9A1E7A4F7556}") = "WpfApp", "Src\Test\WpfApp\WpfApp.csproj", "{636C476F-8ED4-423E-87C0-20D327A1C293}"
EndProject
Project("{2150E333-8FDC-42A3-9474-1A3956D46DE8}") = "RepositoryServer", "RepositoryServer", "{8630D7F4-6F8C-431F-AD62-848000112FCB}"
EndProject
Project("{9A19103F-16F7-4668-BE54-9A1E7A4F7556}") = "ServiceManager.ProjectRepository", "Src\Apps\Backend\RepositoryServer\ServiceManager.ProjectRepository\ServiceManager.ProjectRepository.csproj", "{2D6BB8C2-A22A-45CD-9177-BABFE1D627D6}"
EndProject
Project("{2150E333-8FDC-42A3-9474-1A3956D46DE8}") = "DeploymentServer", "DeploymentServer", "{F85B5751-A045-4166-A102-8096DBE1A395}"
EndProject
Project("{9A19103F-16F7-4668-BE54-9A1E7A4F7556}") = "ServiceManager.ProjectDeployment", "Src\Apps\Backend\DeploymentServer\ServiceManager.ProjectDeployment\ServiceManager.ProjectDeployment.csproj", "{1A3EAA0F-12B9-4D43-B97F-4585073A4339}"
EndProject
Project("{9A19103F-16F7-4668-BE54-9A1E7A4F7556}") = "AkkaTest", "Src\Test\AkkaTest\AkkaTest.csproj", "{CC483A64-17EE-4593-9B81-A95163D30CBA}"
EndProject
Project("{9A19103F-16F7-4668-BE54-9A1E7A4F7556}") = "Tauron.Application.Files.Zip", "Src\Shared\Tauron.Application.Files.Zip\Tauron.Application.Files.Zip.csproj", "{1FA6B7AD-26BE-4E77-91F9-68C8D7B5DD98}"
EndProject
Project("{9A19103F-16F7-4668-BE54-9A1E7A4F7556}") = "Tauron.Application.Files.GridFS", "Src\Shared\Tauron.Application.Files.GridFS\Tauron.Application.Files.GridFS.csproj", "{7AE90D28-F8C1-4413-9A58-8067ECE35D89}"
EndProject
Project("{2150E333-8FDC-42A3-9474-1A3956D46DE8}") = "ServiceHost", "ServiceHost", "{6867B2DF-4E38-449C-9A87-6504A9DB4C28}"
EndProject
Project("{9A19103F-16F7-4668-BE54-9A1E7A4F7556}") = "ServiceHost", "Src\Apps\Backend\ServiceHost\ServiceHost\ServiceHost.csproj", "{4417E3AC-135C-48C0-9AD2-46C872800A5E}"
EndProject
Project("{2150E333-8FDC-42A3-9474-1A3956D46DE8}") = "ServiceManager", "ServiceManager", "{8DC27B4E-2127-4E3D-A6B7-B0A4580F0BF3}"
EndProject
Project("{9A19103F-16F7-4668-BE54-9A1E7A4F7556}") = "ServiceHost.Client.Shared", "Src\Apps\Backend\ServiceHost\ServiceHost.Client.Shared\ServiceHost.Client.Shared.csproj", "{9BAD5A45-2578-4C16-8482-264F5A7129B5}"
EndProject
Project("{9A19103F-16F7-4668-BE54-9A1E7A4F7556}") = "ServiceManager.ServiceDeamon", "Src\Apps\Backend\ServiceHost\ServiceManager.ServiceDeamon\ServiceManager.ServiceDeamon.csproj", "{42BA00A3-06F1-4F8F-BD3E-C9E9A5F7CC6B}"
EndProject
Project("{2150E333-8FDC-42A3-9474-1A3956D46DE8}") = "Mini", "Mini", "{D5CAA153-6FA3-45A2-9967-5C32E9201B07}"
EndProject
Project("{9A19103F-16F7-4668-BE54-9A1E7A4F7556}") = "TimeTracker", "Src\Apps\Mini\TimeTracker\TimeTracker.csproj", "{994DE142-B380-44A9-89DE-54013CA6B295}"
EndProject
Project("{9A19103F-16F7-4668-BE54-9A1E7A4F7556}") = "InfrastructureService", "Src\Apps\Backend\InfrastructureService\InfrastructureService.csproj", "{EF444262-DBD3-42E5-B642-31A794181D28}"
EndProject
Project("{9A19103F-16F7-4668-BE54-9A1E7A4F7556}") = "Tauron.Application.Blazor", "Src\Shared\Tauron.Application.Blazor\Tauron.Application.Blazor.csproj", "{A5F718A5-B10F-4DD5-AFBA-0B4B5919D22E}"
EndProject
Project("{9A19103F-16F7-4668-BE54-9A1E7A4F7556}") = "ServiceManager.Server", "Src\Apps\FrontEnd\ServiceManager\ServiceManager\Server\ServiceManager.Server.csproj", "{5081E739-2F3C-4BEF-9601-1650E1201997}"
EndProject
Project("{9A19103F-16F7-4668-BE54-9A1E7A4F7556}") = "ServiceManager.Client", "Src\Apps\FrontEnd\ServiceManager\ServiceManager\Client\ServiceManager.Client.csproj", "{69E2C217-E490-429D-9744-F65D4834CC7C}"
EndProject
Project("{9A19103F-16F7-4668-BE54-9A1E7A4F7556}") = "ServiceManager.Shared", "Src\Apps\FrontEnd\ServiceManager\ServiceManager\Shared\ServiceManager.Shared.csproj", "{39774329-718C-42DF-985A-3B68A845B58F}"
EndProject
Project("{9A19103F-16F7-4668-BE54-9A1E7A4F7556}") = "Tauron.Grid", "Src\Shared\Tauron.Grid\Tauron.Grid.csproj", "{87D90B7F-CA4D-4378-998C-7B2E50A7B8C8}"
EndProject
Global
	GlobalSection(SolutionConfigurationPlatforms) = preSolution
		Debug|Any CPU = Debug|Any CPU
		Debug|ARM = Debug|ARM
		Debug|ARM64 = Debug|ARM64
		Debug|x64 = Debug|x64
		Debug|x86 = Debug|x86
		Release|Any CPU = Release|Any CPU
		Release|ARM = Release|ARM
		Release|ARM64 = Release|ARM64
		Release|x64 = Release|x64
		Release|x86 = Release|x86
	EndGlobalSection
	GlobalSection(ProjectConfigurationPlatforms) = postSolution
		{D5D1CDC3-00AB-4176-BD67-71B0E7474566}.Debug|Any CPU.ActiveCfg = Debug|Any CPU
		{D5D1CDC3-00AB-4176-BD67-71B0E7474566}.Debug|Any CPU.Build.0 = Debug|Any CPU
		{D5D1CDC3-00AB-4176-BD67-71B0E7474566}.Debug|ARM.ActiveCfg = Debug|Any CPU
		{D5D1CDC3-00AB-4176-BD67-71B0E7474566}.Debug|ARM.Build.0 = Debug|Any CPU
		{D5D1CDC3-00AB-4176-BD67-71B0E7474566}.Debug|ARM64.ActiveCfg = Debug|Any CPU
		{D5D1CDC3-00AB-4176-BD67-71B0E7474566}.Debug|ARM64.Build.0 = Debug|Any CPU
		{D5D1CDC3-00AB-4176-BD67-71B0E7474566}.Debug|x64.ActiveCfg = Debug|Any CPU
		{D5D1CDC3-00AB-4176-BD67-71B0E7474566}.Debug|x64.Build.0 = Debug|Any CPU
		{D5D1CDC3-00AB-4176-BD67-71B0E7474566}.Debug|x86.ActiveCfg = Debug|Any CPU
		{D5D1CDC3-00AB-4176-BD67-71B0E7474566}.Debug|x86.Build.0 = Debug|Any CPU
		{D5D1CDC3-00AB-4176-BD67-71B0E7474566}.Release|Any CPU.ActiveCfg = Release|Any CPU
		{D5D1CDC3-00AB-4176-BD67-71B0E7474566}.Release|Any CPU.Build.0 = Release|Any CPU
		{D5D1CDC3-00AB-4176-BD67-71B0E7474566}.Release|ARM.ActiveCfg = Release|Any CPU
		{D5D1CDC3-00AB-4176-BD67-71B0E7474566}.Release|ARM.Build.0 = Release|Any CPU
		{D5D1CDC3-00AB-4176-BD67-71B0E7474566}.Release|ARM64.ActiveCfg = Release|Any CPU
		{D5D1CDC3-00AB-4176-BD67-71B0E7474566}.Release|ARM64.Build.0 = Release|Any CPU
		{D5D1CDC3-00AB-4176-BD67-71B0E7474566}.Release|x64.ActiveCfg = Release|Any CPU
		{D5D1CDC3-00AB-4176-BD67-71B0E7474566}.Release|x64.Build.0 = Release|Any CPU
		{D5D1CDC3-00AB-4176-BD67-71B0E7474566}.Release|x86.ActiveCfg = Release|Any CPU
		{D5D1CDC3-00AB-4176-BD67-71B0E7474566}.Release|x86.Build.0 = Release|Any CPU
		{E7B330C5-1B07-494C-A530-0D8C28162992}.Debug|Any CPU.ActiveCfg = Debug|Any CPU
		{E7B330C5-1B07-494C-A530-0D8C28162992}.Debug|Any CPU.Build.0 = Debug|Any CPU
		{E7B330C5-1B07-494C-A530-0D8C28162992}.Debug|ARM.ActiveCfg = Debug|Any CPU
		{E7B330C5-1B07-494C-A530-0D8C28162992}.Debug|ARM.Build.0 = Debug|Any CPU
		{E7B330C5-1B07-494C-A530-0D8C28162992}.Debug|ARM64.ActiveCfg = Debug|Any CPU
		{E7B330C5-1B07-494C-A530-0D8C28162992}.Debug|ARM64.Build.0 = Debug|Any CPU
		{E7B330C5-1B07-494C-A530-0D8C28162992}.Debug|x64.ActiveCfg = Debug|Any CPU
		{E7B330C5-1B07-494C-A530-0D8C28162992}.Debug|x64.Build.0 = Debug|Any CPU
		{E7B330C5-1B07-494C-A530-0D8C28162992}.Debug|x86.ActiveCfg = Debug|Any CPU
		{E7B330C5-1B07-494C-A530-0D8C28162992}.Debug|x86.Build.0 = Debug|Any CPU
		{E7B330C5-1B07-494C-A530-0D8C28162992}.Release|Any CPU.ActiveCfg = Release|Any CPU
		{E7B330C5-1B07-494C-A530-0D8C28162992}.Release|Any CPU.Build.0 = Release|Any CPU
		{E7B330C5-1B07-494C-A530-0D8C28162992}.Release|ARM.ActiveCfg = Release|Any CPU
		{E7B330C5-1B07-494C-A530-0D8C28162992}.Release|ARM.Build.0 = Release|Any CPU
		{E7B330C5-1B07-494C-A530-0D8C28162992}.Release|ARM64.ActiveCfg = Release|Any CPU
		{E7B330C5-1B07-494C-A530-0D8C28162992}.Release|ARM64.Build.0 = Release|Any CPU
		{E7B330C5-1B07-494C-A530-0D8C28162992}.Release|x64.ActiveCfg = Release|Any CPU
		{E7B330C5-1B07-494C-A530-0D8C28162992}.Release|x64.Build.0 = Release|Any CPU
		{E7B330C5-1B07-494C-A530-0D8C28162992}.Release|x86.ActiveCfg = Release|Any CPU
		{E7B330C5-1B07-494C-A530-0D8C28162992}.Release|x86.Build.0 = Release|Any CPU
		{C800A8A6-F3CD-477F-8ED9-B63AEB4E8981}.Debug|Any CPU.ActiveCfg = Debug|Any CPU
		{C800A8A6-F3CD-477F-8ED9-B63AEB4E8981}.Debug|Any CPU.Build.0 = Debug|Any CPU
		{C800A8A6-F3CD-477F-8ED9-B63AEB4E8981}.Debug|ARM.ActiveCfg = Debug|Any CPU
		{C800A8A6-F3CD-477F-8ED9-B63AEB4E8981}.Debug|ARM.Build.0 = Debug|Any CPU
		{C800A8A6-F3CD-477F-8ED9-B63AEB4E8981}.Debug|ARM64.ActiveCfg = Debug|Any CPU
		{C800A8A6-F3CD-477F-8ED9-B63AEB4E8981}.Debug|ARM64.Build.0 = Debug|Any CPU
		{C800A8A6-F3CD-477F-8ED9-B63AEB4E8981}.Debug|x64.ActiveCfg = Debug|Any CPU
		{C800A8A6-F3CD-477F-8ED9-B63AEB4E8981}.Debug|x64.Build.0 = Debug|Any CPU
		{C800A8A6-F3CD-477F-8ED9-B63AEB4E8981}.Debug|x86.ActiveCfg = Debug|Any CPU
		{C800A8A6-F3CD-477F-8ED9-B63AEB4E8981}.Debug|x86.Build.0 = Debug|Any CPU
		{C800A8A6-F3CD-477F-8ED9-B63AEB4E8981}.Release|Any CPU.ActiveCfg = Release|Any CPU
		{C800A8A6-F3CD-477F-8ED9-B63AEB4E8981}.Release|Any CPU.Build.0 = Release|Any CPU
		{C800A8A6-F3CD-477F-8ED9-B63AEB4E8981}.Release|ARM.ActiveCfg = Release|Any CPU
		{C800A8A6-F3CD-477F-8ED9-B63AEB4E8981}.Release|ARM.Build.0 = Release|Any CPU
		{C800A8A6-F3CD-477F-8ED9-B63AEB4E8981}.Release|ARM64.ActiveCfg = Release|Any CPU
		{C800A8A6-F3CD-477F-8ED9-B63AEB4E8981}.Release|ARM64.Build.0 = Release|Any CPU
		{C800A8A6-F3CD-477F-8ED9-B63AEB4E8981}.Release|x64.ActiveCfg = Release|Any CPU
		{C800A8A6-F3CD-477F-8ED9-B63AEB4E8981}.Release|x64.Build.0 = Release|Any CPU
		{C800A8A6-F3CD-477F-8ED9-B63AEB4E8981}.Release|x86.ActiveCfg = Release|Any CPU
		{C800A8A6-F3CD-477F-8ED9-B63AEB4E8981}.Release|x86.Build.0 = Release|Any CPU
		{1F5CA0BD-FF78-4F9D-B0D7-9B689FCC5E4D}.Debug|Any CPU.ActiveCfg = Debug|Any CPU
		{1F5CA0BD-FF78-4F9D-B0D7-9B689FCC5E4D}.Debug|Any CPU.Build.0 = Debug|Any CPU
		{1F5CA0BD-FF78-4F9D-B0D7-9B689FCC5E4D}.Debug|ARM.ActiveCfg = Debug|Any CPU
		{1F5CA0BD-FF78-4F9D-B0D7-9B689FCC5E4D}.Debug|ARM.Build.0 = Debug|Any CPU
		{1F5CA0BD-FF78-4F9D-B0D7-9B689FCC5E4D}.Debug|ARM64.ActiveCfg = Debug|Any CPU
		{1F5CA0BD-FF78-4F9D-B0D7-9B689FCC5E4D}.Debug|ARM64.Build.0 = Debug|Any CPU
		{1F5CA0BD-FF78-4F9D-B0D7-9B689FCC5E4D}.Debug|x64.ActiveCfg = Debug|Any CPU
		{1F5CA0BD-FF78-4F9D-B0D7-9B689FCC5E4D}.Debug|x64.Build.0 = Debug|Any CPU
		{1F5CA0BD-FF78-4F9D-B0D7-9B689FCC5E4D}.Debug|x86.ActiveCfg = Debug|Any CPU
		{1F5CA0BD-FF78-4F9D-B0D7-9B689FCC5E4D}.Debug|x86.Build.0 = Debug|Any CPU
		{1F5CA0BD-FF78-4F9D-B0D7-9B689FCC5E4D}.Release|Any CPU.ActiveCfg = Release|Any CPU
		{1F5CA0BD-FF78-4F9D-B0D7-9B689FCC5E4D}.Release|Any CPU.Build.0 = Release|Any CPU
		{1F5CA0BD-FF78-4F9D-B0D7-9B689FCC5E4D}.Release|ARM.ActiveCfg = Release|Any CPU
		{1F5CA0BD-FF78-4F9D-B0D7-9B689FCC5E4D}.Release|ARM.Build.0 = Release|Any CPU
		{1F5CA0BD-FF78-4F9D-B0D7-9B689FCC5E4D}.Release|ARM64.ActiveCfg = Release|Any CPU
		{1F5CA0BD-FF78-4F9D-B0D7-9B689FCC5E4D}.Release|ARM64.Build.0 = Release|Any CPU
		{1F5CA0BD-FF78-4F9D-B0D7-9B689FCC5E4D}.Release|x64.ActiveCfg = Release|Any CPU
		{1F5CA0BD-FF78-4F9D-B0D7-9B689FCC5E4D}.Release|x64.Build.0 = Release|Any CPU
		{1F5CA0BD-FF78-4F9D-B0D7-9B689FCC5E4D}.Release|x86.ActiveCfg = Release|Any CPU
		{1F5CA0BD-FF78-4F9D-B0D7-9B689FCC5E4D}.Release|x86.Build.0 = Release|Any CPU
		{FD43F776-A1EB-4555-9500-9A49CD88540A}.Debug|Any CPU.ActiveCfg = Debug|Any CPU
		{FD43F776-A1EB-4555-9500-9A49CD88540A}.Debug|Any CPU.Build.0 = Debug|Any CPU
		{FD43F776-A1EB-4555-9500-9A49CD88540A}.Debug|ARM.ActiveCfg = Debug|Any CPU
		{FD43F776-A1EB-4555-9500-9A49CD88540A}.Debug|ARM.Build.0 = Debug|Any CPU
		{FD43F776-A1EB-4555-9500-9A49CD88540A}.Debug|ARM64.ActiveCfg = Debug|Any CPU
		{FD43F776-A1EB-4555-9500-9A49CD88540A}.Debug|ARM64.Build.0 = Debug|Any CPU
		{FD43F776-A1EB-4555-9500-9A49CD88540A}.Debug|x64.ActiveCfg = Debug|Any CPU
		{FD43F776-A1EB-4555-9500-9A49CD88540A}.Debug|x64.Build.0 = Debug|Any CPU
		{FD43F776-A1EB-4555-9500-9A49CD88540A}.Debug|x86.ActiveCfg = Debug|Any CPU
		{FD43F776-A1EB-4555-9500-9A49CD88540A}.Debug|x86.Build.0 = Debug|Any CPU
		{FD43F776-A1EB-4555-9500-9A49CD88540A}.Release|Any CPU.ActiveCfg = Release|Any CPU
		{FD43F776-A1EB-4555-9500-9A49CD88540A}.Release|Any CPU.Build.0 = Release|Any CPU
		{FD43F776-A1EB-4555-9500-9A49CD88540A}.Release|ARM.ActiveCfg = Release|Any CPU
		{FD43F776-A1EB-4555-9500-9A49CD88540A}.Release|ARM.Build.0 = Release|Any CPU
		{FD43F776-A1EB-4555-9500-9A49CD88540A}.Release|ARM64.ActiveCfg = Release|Any CPU
		{FD43F776-A1EB-4555-9500-9A49CD88540A}.Release|ARM64.Build.0 = Release|Any CPU
		{FD43F776-A1EB-4555-9500-9A49CD88540A}.Release|x64.ActiveCfg = Release|Any CPU
		{FD43F776-A1EB-4555-9500-9A49CD88540A}.Release|x64.Build.0 = Release|Any CPU
		{FD43F776-A1EB-4555-9500-9A49CD88540A}.Release|x86.ActiveCfg = Release|Any CPU
		{FD43F776-A1EB-4555-9500-9A49CD88540A}.Release|x86.Build.0 = Release|Any CPU
		{9CDC3C7B-4C4A-4D90-B95A-EFDDA2142F77}.Debug|Any CPU.ActiveCfg = Debug|Any CPU
		{9CDC3C7B-4C4A-4D90-B95A-EFDDA2142F77}.Debug|Any CPU.Build.0 = Debug|Any CPU
		{9CDC3C7B-4C4A-4D90-B95A-EFDDA2142F77}.Debug|ARM.ActiveCfg = Debug|Any CPU
		{9CDC3C7B-4C4A-4D90-B95A-EFDDA2142F77}.Debug|ARM.Build.0 = Debug|Any CPU
		{9CDC3C7B-4C4A-4D90-B95A-EFDDA2142F77}.Debug|ARM64.ActiveCfg = Debug|Any CPU
		{9CDC3C7B-4C4A-4D90-B95A-EFDDA2142F77}.Debug|ARM64.Build.0 = Debug|Any CPU
		{9CDC3C7B-4C4A-4D90-B95A-EFDDA2142F77}.Debug|x64.ActiveCfg = Debug|Any CPU
		{9CDC3C7B-4C4A-4D90-B95A-EFDDA2142F77}.Debug|x64.Build.0 = Debug|Any CPU
		{9CDC3C7B-4C4A-4D90-B95A-EFDDA2142F77}.Debug|x86.ActiveCfg = Debug|Any CPU
		{9CDC3C7B-4C4A-4D90-B95A-EFDDA2142F77}.Debug|x86.Build.0 = Debug|Any CPU
		{9CDC3C7B-4C4A-4D90-B95A-EFDDA2142F77}.Release|Any CPU.ActiveCfg = Release|Any CPU
		{9CDC3C7B-4C4A-4D90-B95A-EFDDA2142F77}.Release|Any CPU.Build.0 = Release|Any CPU
		{9CDC3C7B-4C4A-4D90-B95A-EFDDA2142F77}.Release|ARM.ActiveCfg = Release|Any CPU
		{9CDC3C7B-4C4A-4D90-B95A-EFDDA2142F77}.Release|ARM.Build.0 = Release|Any CPU
		{9CDC3C7B-4C4A-4D90-B95A-EFDDA2142F77}.Release|ARM64.ActiveCfg = Release|Any CPU
		{9CDC3C7B-4C4A-4D90-B95A-EFDDA2142F77}.Release|ARM64.Build.0 = Release|Any CPU
		{9CDC3C7B-4C4A-4D90-B95A-EFDDA2142F77}.Release|x64.ActiveCfg = Release|Any CPU
		{9CDC3C7B-4C4A-4D90-B95A-EFDDA2142F77}.Release|x64.Build.0 = Release|Any CPU
		{9CDC3C7B-4C4A-4D90-B95A-EFDDA2142F77}.Release|x86.ActiveCfg = Release|Any CPU
		{9CDC3C7B-4C4A-4D90-B95A-EFDDA2142F77}.Release|x86.Build.0 = Release|Any CPU
		{83678611-7973-42CA-B655-9BD975D56570}.Debug|Any CPU.ActiveCfg = Debug|Any CPU
		{83678611-7973-42CA-B655-9BD975D56570}.Debug|Any CPU.Build.0 = Debug|Any CPU
		{83678611-7973-42CA-B655-9BD975D56570}.Debug|ARM.ActiveCfg = Debug|Any CPU
		{83678611-7973-42CA-B655-9BD975D56570}.Debug|ARM.Build.0 = Debug|Any CPU
		{83678611-7973-42CA-B655-9BD975D56570}.Debug|ARM64.ActiveCfg = Debug|Any CPU
		{83678611-7973-42CA-B655-9BD975D56570}.Debug|ARM64.Build.0 = Debug|Any CPU
		{83678611-7973-42CA-B655-9BD975D56570}.Debug|x64.ActiveCfg = Debug|Any CPU
		{83678611-7973-42CA-B655-9BD975D56570}.Debug|x64.Build.0 = Debug|Any CPU
		{83678611-7973-42CA-B655-9BD975D56570}.Debug|x86.ActiveCfg = Debug|Any CPU
		{83678611-7973-42CA-B655-9BD975D56570}.Debug|x86.Build.0 = Debug|Any CPU
		{83678611-7973-42CA-B655-9BD975D56570}.Release|Any CPU.ActiveCfg = Release|Any CPU
		{83678611-7973-42CA-B655-9BD975D56570}.Release|Any CPU.Build.0 = Release|Any CPU
		{83678611-7973-42CA-B655-9BD975D56570}.Release|ARM.ActiveCfg = Release|Any CPU
		{83678611-7973-42CA-B655-9BD975D56570}.Release|ARM.Build.0 = Release|Any CPU
		{83678611-7973-42CA-B655-9BD975D56570}.Release|ARM64.ActiveCfg = Release|Any CPU
		{83678611-7973-42CA-B655-9BD975D56570}.Release|ARM64.Build.0 = Release|Any CPU
		{83678611-7973-42CA-B655-9BD975D56570}.Release|x64.ActiveCfg = Release|Any CPU
		{83678611-7973-42CA-B655-9BD975D56570}.Release|x64.Build.0 = Release|Any CPU
		{83678611-7973-42CA-B655-9BD975D56570}.Release|x86.ActiveCfg = Release|Any CPU
		{83678611-7973-42CA-B655-9BD975D56570}.Release|x86.Build.0 = Release|Any CPU
		{FDCB6B43-4478-4487-B61C-D0A687C9CE09}.Debug|Any CPU.ActiveCfg = Debug|Any CPU
		{FDCB6B43-4478-4487-B61C-D0A687C9CE09}.Debug|Any CPU.Build.0 = Debug|Any CPU
		{FDCB6B43-4478-4487-B61C-D0A687C9CE09}.Debug|ARM.ActiveCfg = Debug|Any CPU
		{FDCB6B43-4478-4487-B61C-D0A687C9CE09}.Debug|ARM.Build.0 = Debug|Any CPU
		{FDCB6B43-4478-4487-B61C-D0A687C9CE09}.Debug|ARM64.ActiveCfg = Debug|Any CPU
		{FDCB6B43-4478-4487-B61C-D0A687C9CE09}.Debug|ARM64.Build.0 = Debug|Any CPU
		{FDCB6B43-4478-4487-B61C-D0A687C9CE09}.Debug|x64.ActiveCfg = Debug|Any CPU
		{FDCB6B43-4478-4487-B61C-D0A687C9CE09}.Debug|x64.Build.0 = Debug|Any CPU
		{FDCB6B43-4478-4487-B61C-D0A687C9CE09}.Debug|x86.ActiveCfg = Debug|Any CPU
		{FDCB6B43-4478-4487-B61C-D0A687C9CE09}.Debug|x86.Build.0 = Debug|Any CPU
		{FDCB6B43-4478-4487-B61C-D0A687C9CE09}.Release|Any CPU.ActiveCfg = Release|Any CPU
		{FDCB6B43-4478-4487-B61C-D0A687C9CE09}.Release|Any CPU.Build.0 = Release|Any CPU
		{FDCB6B43-4478-4487-B61C-D0A687C9CE09}.Release|ARM.ActiveCfg = Release|Any CPU
		{FDCB6B43-4478-4487-B61C-D0A687C9CE09}.Release|ARM.Build.0 = Release|Any CPU
		{FDCB6B43-4478-4487-B61C-D0A687C9CE09}.Release|ARM64.ActiveCfg = Release|Any CPU
		{FDCB6B43-4478-4487-B61C-D0A687C9CE09}.Release|ARM64.Build.0 = Release|Any CPU
		{FDCB6B43-4478-4487-B61C-D0A687C9CE09}.Release|x64.ActiveCfg = Release|Any CPU
		{FDCB6B43-4478-4487-B61C-D0A687C9CE09}.Release|x64.Build.0 = Release|Any CPU
		{FDCB6B43-4478-4487-B61C-D0A687C9CE09}.Release|x86.ActiveCfg = Release|Any CPU
		{FDCB6B43-4478-4487-B61C-D0A687C9CE09}.Release|x86.Build.0 = Release|Any CPU
		{2C336734-6EA1-452C-9C9B-694731170AE3}.Debug|Any CPU.ActiveCfg = Debug|Any CPU
		{2C336734-6EA1-452C-9C9B-694731170AE3}.Debug|Any CPU.Build.0 = Debug|Any CPU
		{2C336734-6EA1-452C-9C9B-694731170AE3}.Debug|ARM.ActiveCfg = Debug|Any CPU
		{2C336734-6EA1-452C-9C9B-694731170AE3}.Debug|ARM.Build.0 = Debug|Any CPU
		{2C336734-6EA1-452C-9C9B-694731170AE3}.Debug|ARM64.ActiveCfg = Debug|Any CPU
		{2C336734-6EA1-452C-9C9B-694731170AE3}.Debug|ARM64.Build.0 = Debug|Any CPU
		{2C336734-6EA1-452C-9C9B-694731170AE3}.Debug|x64.ActiveCfg = Debug|Any CPU
		{2C336734-6EA1-452C-9C9B-694731170AE3}.Debug|x64.Build.0 = Debug|Any CPU
		{2C336734-6EA1-452C-9C9B-694731170AE3}.Debug|x86.ActiveCfg = Debug|Any CPU
		{2C336734-6EA1-452C-9C9B-694731170AE3}.Debug|x86.Build.0 = Debug|Any CPU
		{2C336734-6EA1-452C-9C9B-694731170AE3}.Release|Any CPU.ActiveCfg = Release|Any CPU
		{2C336734-6EA1-452C-9C9B-694731170AE3}.Release|Any CPU.Build.0 = Release|Any CPU
		{2C336734-6EA1-452C-9C9B-694731170AE3}.Release|ARM.ActiveCfg = Release|Any CPU
		{2C336734-6EA1-452C-9C9B-694731170AE3}.Release|ARM.Build.0 = Release|Any CPU
		{2C336734-6EA1-452C-9C9B-694731170AE3}.Release|ARM64.ActiveCfg = Release|Any CPU
		{2C336734-6EA1-452C-9C9B-694731170AE3}.Release|ARM64.Build.0 = Release|Any CPU
		{2C336734-6EA1-452C-9C9B-694731170AE3}.Release|x64.ActiveCfg = Release|Any CPU
		{2C336734-6EA1-452C-9C9B-694731170AE3}.Release|x64.Build.0 = Release|Any CPU
		{2C336734-6EA1-452C-9C9B-694731170AE3}.Release|x86.ActiveCfg = Release|Any CPU
		{2C336734-6EA1-452C-9C9B-694731170AE3}.Release|x86.Build.0 = Release|Any CPU
		{16E02E49-1116-4284-B4BB-2641C8A40327}.Debug|Any CPU.ActiveCfg = Debug|Any CPU
		{16E02E49-1116-4284-B4BB-2641C8A40327}.Debug|Any CPU.Build.0 = Debug|Any CPU
		{16E02E49-1116-4284-B4BB-2641C8A40327}.Debug|ARM.ActiveCfg = Debug|Any CPU
		{16E02E49-1116-4284-B4BB-2641C8A40327}.Debug|ARM.Build.0 = Debug|Any CPU
		{16E02E49-1116-4284-B4BB-2641C8A40327}.Debug|ARM64.ActiveCfg = Debug|Any CPU
		{16E02E49-1116-4284-B4BB-2641C8A40327}.Debug|ARM64.Build.0 = Debug|Any CPU
		{16E02E49-1116-4284-B4BB-2641C8A40327}.Debug|x64.ActiveCfg = Debug|Any CPU
		{16E02E49-1116-4284-B4BB-2641C8A40327}.Debug|x64.Build.0 = Debug|Any CPU
		{16E02E49-1116-4284-B4BB-2641C8A40327}.Debug|x86.ActiveCfg = Debug|Any CPU
		{16E02E49-1116-4284-B4BB-2641C8A40327}.Debug|x86.Build.0 = Debug|Any CPU
		{16E02E49-1116-4284-B4BB-2641C8A40327}.Release|Any CPU.ActiveCfg = Release|Any CPU
		{16E02E49-1116-4284-B4BB-2641C8A40327}.Release|Any CPU.Build.0 = Release|Any CPU
		{16E02E49-1116-4284-B4BB-2641C8A40327}.Release|ARM.ActiveCfg = Release|Any CPU
		{16E02E49-1116-4284-B4BB-2641C8A40327}.Release|ARM.Build.0 = Release|Any CPU
		{16E02E49-1116-4284-B4BB-2641C8A40327}.Release|ARM64.ActiveCfg = Release|Any CPU
		{16E02E49-1116-4284-B4BB-2641C8A40327}.Release|ARM64.Build.0 = Release|Any CPU
		{16E02E49-1116-4284-B4BB-2641C8A40327}.Release|x64.ActiveCfg = Release|Any CPU
		{16E02E49-1116-4284-B4BB-2641C8A40327}.Release|x64.Build.0 = Release|Any CPU
		{16E02E49-1116-4284-B4BB-2641C8A40327}.Release|x86.ActiveCfg = Release|Any CPU
		{16E02E49-1116-4284-B4BB-2641C8A40327}.Release|x86.Build.0 = Release|Any CPU
		{88EC912A-E819-491A-8FCD-C18A79E70645}.Debug|Any CPU.ActiveCfg = Debug|Any CPU
		{88EC912A-E819-491A-8FCD-C18A79E70645}.Debug|Any CPU.Build.0 = Debug|Any CPU
		{88EC912A-E819-491A-8FCD-C18A79E70645}.Debug|ARM.ActiveCfg = Debug|Any CPU
		{88EC912A-E819-491A-8FCD-C18A79E70645}.Debug|ARM.Build.0 = Debug|Any CPU
		{88EC912A-E819-491A-8FCD-C18A79E70645}.Debug|ARM64.ActiveCfg = Debug|Any CPU
		{88EC912A-E819-491A-8FCD-C18A79E70645}.Debug|ARM64.Build.0 = Debug|Any CPU
		{88EC912A-E819-491A-8FCD-C18A79E70645}.Debug|x64.ActiveCfg = Debug|Any CPU
		{88EC912A-E819-491A-8FCD-C18A79E70645}.Debug|x64.Build.0 = Debug|Any CPU
		{88EC912A-E819-491A-8FCD-C18A79E70645}.Debug|x86.ActiveCfg = Debug|Any CPU
		{88EC912A-E819-491A-8FCD-C18A79E70645}.Debug|x86.Build.0 = Debug|Any CPU
		{88EC912A-E819-491A-8FCD-C18A79E70645}.Release|Any CPU.ActiveCfg = Release|Any CPU
		{88EC912A-E819-491A-8FCD-C18A79E70645}.Release|Any CPU.Build.0 = Release|Any CPU
		{88EC912A-E819-491A-8FCD-C18A79E70645}.Release|ARM.ActiveCfg = Release|Any CPU
		{88EC912A-E819-491A-8FCD-C18A79E70645}.Release|ARM.Build.0 = Release|Any CPU
		{88EC912A-E819-491A-8FCD-C18A79E70645}.Release|ARM64.ActiveCfg = Release|Any CPU
		{88EC912A-E819-491A-8FCD-C18A79E70645}.Release|ARM64.Build.0 = Release|Any CPU
		{88EC912A-E819-491A-8FCD-C18A79E70645}.Release|x64.ActiveCfg = Release|Any CPU
		{88EC912A-E819-491A-8FCD-C18A79E70645}.Release|x64.Build.0 = Release|Any CPU
		{88EC912A-E819-491A-8FCD-C18A79E70645}.Release|x86.ActiveCfg = Release|Any CPU
		{88EC912A-E819-491A-8FCD-C18A79E70645}.Release|x86.Build.0 = Release|Any CPU
		{064CAF13-F47E-4600-81FB-6EE65111127F}.Debug|Any CPU.ActiveCfg = Debug|Any CPU
		{064CAF13-F47E-4600-81FB-6EE65111127F}.Debug|Any CPU.Build.0 = Debug|Any CPU
		{064CAF13-F47E-4600-81FB-6EE65111127F}.Debug|ARM.ActiveCfg = Debug|Any CPU
		{064CAF13-F47E-4600-81FB-6EE65111127F}.Debug|ARM.Build.0 = Debug|Any CPU
		{064CAF13-F47E-4600-81FB-6EE65111127F}.Debug|ARM64.ActiveCfg = Debug|Any CPU
		{064CAF13-F47E-4600-81FB-6EE65111127F}.Debug|ARM64.Build.0 = Debug|Any CPU
		{064CAF13-F47E-4600-81FB-6EE65111127F}.Debug|x64.ActiveCfg = Debug|Any CPU
		{064CAF13-F47E-4600-81FB-6EE65111127F}.Debug|x64.Build.0 = Debug|Any CPU
		{064CAF13-F47E-4600-81FB-6EE65111127F}.Debug|x86.ActiveCfg = Debug|Any CPU
		{064CAF13-F47E-4600-81FB-6EE65111127F}.Debug|x86.Build.0 = Debug|Any CPU
		{064CAF13-F47E-4600-81FB-6EE65111127F}.Release|Any CPU.ActiveCfg = Release|Any CPU
		{064CAF13-F47E-4600-81FB-6EE65111127F}.Release|Any CPU.Build.0 = Release|Any CPU
		{064CAF13-F47E-4600-81FB-6EE65111127F}.Release|ARM.ActiveCfg = Release|Any CPU
		{064CAF13-F47E-4600-81FB-6EE65111127F}.Release|ARM.Build.0 = Release|Any CPU
		{064CAF13-F47E-4600-81FB-6EE65111127F}.Release|ARM64.ActiveCfg = Release|Any CPU
		{064CAF13-F47E-4600-81FB-6EE65111127F}.Release|ARM64.Build.0 = Release|Any CPU
		{064CAF13-F47E-4600-81FB-6EE65111127F}.Release|x64.ActiveCfg = Release|Any CPU
		{064CAF13-F47E-4600-81FB-6EE65111127F}.Release|x64.Build.0 = Release|Any CPU
		{064CAF13-F47E-4600-81FB-6EE65111127F}.Release|x86.ActiveCfg = Release|Any CPU
		{064CAF13-F47E-4600-81FB-6EE65111127F}.Release|x86.Build.0 = Release|Any CPU
		{5319C56A-7E3E-4A43-B65F-F60F05536E56}.Debug|Any CPU.ActiveCfg = Debug|Any CPU
		{5319C56A-7E3E-4A43-B65F-F60F05536E56}.Debug|Any CPU.Build.0 = Debug|Any CPU
		{5319C56A-7E3E-4A43-B65F-F60F05536E56}.Debug|ARM.ActiveCfg = Debug|Any CPU
		{5319C56A-7E3E-4A43-B65F-F60F05536E56}.Debug|ARM.Build.0 = Debug|Any CPU
		{5319C56A-7E3E-4A43-B65F-F60F05536E56}.Debug|ARM64.ActiveCfg = Debug|Any CPU
		{5319C56A-7E3E-4A43-B65F-F60F05536E56}.Debug|ARM64.Build.0 = Debug|Any CPU
		{5319C56A-7E3E-4A43-B65F-F60F05536E56}.Debug|x64.ActiveCfg = Debug|Any CPU
		{5319C56A-7E3E-4A43-B65F-F60F05536E56}.Debug|x64.Build.0 = Debug|Any CPU
		{5319C56A-7E3E-4A43-B65F-F60F05536E56}.Debug|x86.ActiveCfg = Debug|Any CPU
		{5319C56A-7E3E-4A43-B65F-F60F05536E56}.Debug|x86.Build.0 = Debug|Any CPU
		{5319C56A-7E3E-4A43-B65F-F60F05536E56}.Release|Any CPU.ActiveCfg = Release|Any CPU
		{5319C56A-7E3E-4A43-B65F-F60F05536E56}.Release|Any CPU.Build.0 = Release|Any CPU
		{5319C56A-7E3E-4A43-B65F-F60F05536E56}.Release|ARM.ActiveCfg = Release|Any CPU
		{5319C56A-7E3E-4A43-B65F-F60F05536E56}.Release|ARM.Build.0 = Release|Any CPU
		{5319C56A-7E3E-4A43-B65F-F60F05536E56}.Release|ARM64.ActiveCfg = Release|Any CPU
		{5319C56A-7E3E-4A43-B65F-F60F05536E56}.Release|ARM64.Build.0 = Release|Any CPU
		{5319C56A-7E3E-4A43-B65F-F60F05536E56}.Release|x64.ActiveCfg = Release|Any CPU
		{5319C56A-7E3E-4A43-B65F-F60F05536E56}.Release|x64.Build.0 = Release|Any CPU
		{5319C56A-7E3E-4A43-B65F-F60F05536E56}.Release|x86.ActiveCfg = Release|Any CPU
		{5319C56A-7E3E-4A43-B65F-F60F05536E56}.Release|x86.Build.0 = Release|Any CPU
		{39EE9965-E737-4D95-8443-C0D14DAA86D6}.Debug|Any CPU.ActiveCfg = Debug|Any CPU
		{39EE9965-E737-4D95-8443-C0D14DAA86D6}.Debug|Any CPU.Build.0 = Debug|Any CPU
		{39EE9965-E737-4D95-8443-C0D14DAA86D6}.Debug|ARM.ActiveCfg = Debug|Any CPU
		{39EE9965-E737-4D95-8443-C0D14DAA86D6}.Debug|ARM.Build.0 = Debug|Any CPU
		{39EE9965-E737-4D95-8443-C0D14DAA86D6}.Debug|ARM64.ActiveCfg = Debug|Any CPU
		{39EE9965-E737-4D95-8443-C0D14DAA86D6}.Debug|ARM64.Build.0 = Debug|Any CPU
		{39EE9965-E737-4D95-8443-C0D14DAA86D6}.Debug|x64.ActiveCfg = Debug|Any CPU
		{39EE9965-E737-4D95-8443-C0D14DAA86D6}.Debug|x64.Build.0 = Debug|Any CPU
		{39EE9965-E737-4D95-8443-C0D14DAA86D6}.Debug|x86.ActiveCfg = Debug|Any CPU
		{39EE9965-E737-4D95-8443-C0D14DAA86D6}.Debug|x86.Build.0 = Debug|Any CPU
		{39EE9965-E737-4D95-8443-C0D14DAA86D6}.Release|Any CPU.ActiveCfg = Release|Any CPU
		{39EE9965-E737-4D95-8443-C0D14DAA86D6}.Release|Any CPU.Build.0 = Release|Any CPU
		{39EE9965-E737-4D95-8443-C0D14DAA86D6}.Release|ARM.ActiveCfg = Release|Any CPU
		{39EE9965-E737-4D95-8443-C0D14DAA86D6}.Release|ARM.Build.0 = Release|Any CPU
		{39EE9965-E737-4D95-8443-C0D14DAA86D6}.Release|ARM64.ActiveCfg = Release|Any CPU
		{39EE9965-E737-4D95-8443-C0D14DAA86D6}.Release|ARM64.Build.0 = Release|Any CPU
		{39EE9965-E737-4D95-8443-C0D14DAA86D6}.Release|x64.ActiveCfg = Release|Any CPU
		{39EE9965-E737-4D95-8443-C0D14DAA86D6}.Release|x64.Build.0 = Release|Any CPU
		{39EE9965-E737-4D95-8443-C0D14DAA86D6}.Release|x86.ActiveCfg = Release|Any CPU
		{39EE9965-E737-4D95-8443-C0D14DAA86D6}.Release|x86.Build.0 = Release|Any CPU
		{812F0D4C-ACC9-42AF-A386-40315DBA0FB2}.Debug|Any CPU.ActiveCfg = Debug|Any CPU
		{812F0D4C-ACC9-42AF-A386-40315DBA0FB2}.Debug|Any CPU.Build.0 = Debug|Any CPU
		{812F0D4C-ACC9-42AF-A386-40315DBA0FB2}.Debug|ARM.ActiveCfg = Debug|Any CPU
		{812F0D4C-ACC9-42AF-A386-40315DBA0FB2}.Debug|ARM.Build.0 = Debug|Any CPU
		{812F0D4C-ACC9-42AF-A386-40315DBA0FB2}.Debug|ARM64.ActiveCfg = Debug|Any CPU
		{812F0D4C-ACC9-42AF-A386-40315DBA0FB2}.Debug|ARM64.Build.0 = Debug|Any CPU
		{812F0D4C-ACC9-42AF-A386-40315DBA0FB2}.Debug|x64.ActiveCfg = Debug|Any CPU
		{812F0D4C-ACC9-42AF-A386-40315DBA0FB2}.Debug|x64.Build.0 = Debug|Any CPU
		{812F0D4C-ACC9-42AF-A386-40315DBA0FB2}.Debug|x86.ActiveCfg = Debug|Any CPU
		{812F0D4C-ACC9-42AF-A386-40315DBA0FB2}.Debug|x86.Build.0 = Debug|Any CPU
		{812F0D4C-ACC9-42AF-A386-40315DBA0FB2}.Release|Any CPU.ActiveCfg = Release|Any CPU
		{812F0D4C-ACC9-42AF-A386-40315DBA0FB2}.Release|Any CPU.Build.0 = Release|Any CPU
		{812F0D4C-ACC9-42AF-A386-40315DBA0FB2}.Release|ARM.ActiveCfg = Release|Any CPU
		{812F0D4C-ACC9-42AF-A386-40315DBA0FB2}.Release|ARM.Build.0 = Release|Any CPU
		{812F0D4C-ACC9-42AF-A386-40315DBA0FB2}.Release|ARM64.ActiveCfg = Release|Any CPU
		{812F0D4C-ACC9-42AF-A386-40315DBA0FB2}.Release|ARM64.Build.0 = Release|Any CPU
		{812F0D4C-ACC9-42AF-A386-40315DBA0FB2}.Release|x64.ActiveCfg = Release|Any CPU
		{812F0D4C-ACC9-42AF-A386-40315DBA0FB2}.Release|x64.Build.0 = Release|Any CPU
		{812F0D4C-ACC9-42AF-A386-40315DBA0FB2}.Release|x86.ActiveCfg = Release|Any CPU
		{812F0D4C-ACC9-42AF-A386-40315DBA0FB2}.Release|x86.Build.0 = Release|Any CPU
		{5CE1573F-2FBC-47CA-9306-8515AF537AA0}.Debug|Any CPU.ActiveCfg = Debug|Any CPU
		{5CE1573F-2FBC-47CA-9306-8515AF537AA0}.Debug|Any CPU.Build.0 = Debug|Any CPU
		{5CE1573F-2FBC-47CA-9306-8515AF537AA0}.Debug|ARM.ActiveCfg = Debug|Any CPU
		{5CE1573F-2FBC-47CA-9306-8515AF537AA0}.Debug|ARM.Build.0 = Debug|Any CPU
		{5CE1573F-2FBC-47CA-9306-8515AF537AA0}.Debug|ARM64.ActiveCfg = Debug|Any CPU
		{5CE1573F-2FBC-47CA-9306-8515AF537AA0}.Debug|ARM64.Build.0 = Debug|Any CPU
		{5CE1573F-2FBC-47CA-9306-8515AF537AA0}.Debug|x64.ActiveCfg = Debug|Any CPU
		{5CE1573F-2FBC-47CA-9306-8515AF537AA0}.Debug|x64.Build.0 = Debug|Any CPU
		{5CE1573F-2FBC-47CA-9306-8515AF537AA0}.Debug|x86.ActiveCfg = Debug|Any CPU
		{5CE1573F-2FBC-47CA-9306-8515AF537AA0}.Debug|x86.Build.0 = Debug|Any CPU
		{5CE1573F-2FBC-47CA-9306-8515AF537AA0}.Release|Any CPU.ActiveCfg = Release|Any CPU
		{5CE1573F-2FBC-47CA-9306-8515AF537AA0}.Release|Any CPU.Build.0 = Release|Any CPU
		{5CE1573F-2FBC-47CA-9306-8515AF537AA0}.Release|ARM.ActiveCfg = Release|Any CPU
		{5CE1573F-2FBC-47CA-9306-8515AF537AA0}.Release|ARM.Build.0 = Release|Any CPU
		{5CE1573F-2FBC-47CA-9306-8515AF537AA0}.Release|ARM64.ActiveCfg = Release|Any CPU
		{5CE1573F-2FBC-47CA-9306-8515AF537AA0}.Release|ARM64.Build.0 = Release|Any CPU
		{5CE1573F-2FBC-47CA-9306-8515AF537AA0}.Release|x64.ActiveCfg = Release|Any CPU
		{5CE1573F-2FBC-47CA-9306-8515AF537AA0}.Release|x64.Build.0 = Release|Any CPU
		{5CE1573F-2FBC-47CA-9306-8515AF537AA0}.Release|x86.ActiveCfg = Release|Any CPU
		{5CE1573F-2FBC-47CA-9306-8515AF537AA0}.Release|x86.Build.0 = Release|Any CPU
		{788A0712-8363-46C4-AF01-987376C0FCCD}.Debug|Any CPU.ActiveCfg = Debug|Any CPU
		{788A0712-8363-46C4-AF01-987376C0FCCD}.Debug|Any CPU.Build.0 = Debug|Any CPU
		{788A0712-8363-46C4-AF01-987376C0FCCD}.Debug|ARM.ActiveCfg = Debug|Any CPU
		{788A0712-8363-46C4-AF01-987376C0FCCD}.Debug|ARM.Build.0 = Debug|Any CPU
		{788A0712-8363-46C4-AF01-987376C0FCCD}.Debug|ARM64.ActiveCfg = Debug|Any CPU
		{788A0712-8363-46C4-AF01-987376C0FCCD}.Debug|ARM64.Build.0 = Debug|Any CPU
		{788A0712-8363-46C4-AF01-987376C0FCCD}.Debug|x64.ActiveCfg = Debug|Any CPU
		{788A0712-8363-46C4-AF01-987376C0FCCD}.Debug|x64.Build.0 = Debug|Any CPU
		{788A0712-8363-46C4-AF01-987376C0FCCD}.Debug|x86.ActiveCfg = Debug|Any CPU
		{788A0712-8363-46C4-AF01-987376C0FCCD}.Debug|x86.Build.0 = Debug|Any CPU
		{788A0712-8363-46C4-AF01-987376C0FCCD}.Release|Any CPU.ActiveCfg = Release|Any CPU
		{788A0712-8363-46C4-AF01-987376C0FCCD}.Release|Any CPU.Build.0 = Release|Any CPU
		{788A0712-8363-46C4-AF01-987376C0FCCD}.Release|ARM.ActiveCfg = Release|Any CPU
		{788A0712-8363-46C4-AF01-987376C0FCCD}.Release|ARM.Build.0 = Release|Any CPU
		{788A0712-8363-46C4-AF01-987376C0FCCD}.Release|ARM64.ActiveCfg = Release|Any CPU
		{788A0712-8363-46C4-AF01-987376C0FCCD}.Release|ARM64.Build.0 = Release|Any CPU
		{788A0712-8363-46C4-AF01-987376C0FCCD}.Release|x64.ActiveCfg = Release|Any CPU
		{788A0712-8363-46C4-AF01-987376C0FCCD}.Release|x64.Build.0 = Release|Any CPU
		{788A0712-8363-46C4-AF01-987376C0FCCD}.Release|x86.ActiveCfg = Release|Any CPU
		{788A0712-8363-46C4-AF01-987376C0FCCD}.Release|x86.Build.0 = Release|Any CPU
		{A028A643-057F-479C-9080-C638A0F40641}.Debug|Any CPU.ActiveCfg = Debug|Any CPU
		{A028A643-057F-479C-9080-C638A0F40641}.Debug|Any CPU.Build.0 = Debug|Any CPU
		{A028A643-057F-479C-9080-C638A0F40641}.Debug|ARM.ActiveCfg = Debug|Any CPU
		{A028A643-057F-479C-9080-C638A0F40641}.Debug|ARM.Build.0 = Debug|Any CPU
		{A028A643-057F-479C-9080-C638A0F40641}.Debug|ARM64.ActiveCfg = Debug|Any CPU
		{A028A643-057F-479C-9080-C638A0F40641}.Debug|ARM64.Build.0 = Debug|Any CPU
		{A028A643-057F-479C-9080-C638A0F40641}.Debug|x64.ActiveCfg = Debug|Any CPU
		{A028A643-057F-479C-9080-C638A0F40641}.Debug|x64.Build.0 = Debug|Any CPU
		{A028A643-057F-479C-9080-C638A0F40641}.Debug|x86.ActiveCfg = Debug|Any CPU
		{A028A643-057F-479C-9080-C638A0F40641}.Debug|x86.Build.0 = Debug|Any CPU
		{A028A643-057F-479C-9080-C638A0F40641}.Release|Any CPU.ActiveCfg = Release|Any CPU
		{A028A643-057F-479C-9080-C638A0F40641}.Release|Any CPU.Build.0 = Release|Any CPU
		{A028A643-057F-479C-9080-C638A0F40641}.Release|ARM.ActiveCfg = Release|Any CPU
		{A028A643-057F-479C-9080-C638A0F40641}.Release|ARM.Build.0 = Release|Any CPU
		{A028A643-057F-479C-9080-C638A0F40641}.Release|ARM64.ActiveCfg = Release|Any CPU
		{A028A643-057F-479C-9080-C638A0F40641}.Release|ARM64.Build.0 = Release|Any CPU
		{A028A643-057F-479C-9080-C638A0F40641}.Release|x64.ActiveCfg = Release|Any CPU
		{A028A643-057F-479C-9080-C638A0F40641}.Release|x64.Build.0 = Release|Any CPU
		{A028A643-057F-479C-9080-C638A0F40641}.Release|x86.ActiveCfg = Release|Any CPU
		{A028A643-057F-479C-9080-C638A0F40641}.Release|x86.Build.0 = Release|Any CPU
		{B54AEC6B-30F2-472A-9B6B-FA52120702E4}.Debug|Any CPU.ActiveCfg = Debug|Any CPU
		{B54AEC6B-30F2-472A-9B6B-FA52120702E4}.Debug|Any CPU.Build.0 = Debug|Any CPU
		{B54AEC6B-30F2-472A-9B6B-FA52120702E4}.Debug|ARM.ActiveCfg = Debug|Any CPU
		{B54AEC6B-30F2-472A-9B6B-FA52120702E4}.Debug|ARM.Build.0 = Debug|Any CPU
		{B54AEC6B-30F2-472A-9B6B-FA52120702E4}.Debug|ARM64.ActiveCfg = Debug|Any CPU
		{B54AEC6B-30F2-472A-9B6B-FA52120702E4}.Debug|ARM64.Build.0 = Debug|Any CPU
		{B54AEC6B-30F2-472A-9B6B-FA52120702E4}.Debug|x64.ActiveCfg = Debug|Any CPU
		{B54AEC6B-30F2-472A-9B6B-FA52120702E4}.Debug|x64.Build.0 = Debug|Any CPU
		{B54AEC6B-30F2-472A-9B6B-FA52120702E4}.Debug|x86.ActiveCfg = Debug|Any CPU
		{B54AEC6B-30F2-472A-9B6B-FA52120702E4}.Debug|x86.Build.0 = Debug|Any CPU
		{B54AEC6B-30F2-472A-9B6B-FA52120702E4}.Release|Any CPU.ActiveCfg = Release|Any CPU
		{B54AEC6B-30F2-472A-9B6B-FA52120702E4}.Release|Any CPU.Build.0 = Release|Any CPU
		{B54AEC6B-30F2-472A-9B6B-FA52120702E4}.Release|ARM.ActiveCfg = Release|Any CPU
		{B54AEC6B-30F2-472A-9B6B-FA52120702E4}.Release|ARM.Build.0 = Release|Any CPU
		{B54AEC6B-30F2-472A-9B6B-FA52120702E4}.Release|ARM64.ActiveCfg = Release|Any CPU
		{B54AEC6B-30F2-472A-9B6B-FA52120702E4}.Release|ARM64.Build.0 = Release|Any CPU
		{B54AEC6B-30F2-472A-9B6B-FA52120702E4}.Release|x64.ActiveCfg = Release|Any CPU
		{B54AEC6B-30F2-472A-9B6B-FA52120702E4}.Release|x64.Build.0 = Release|Any CPU
		{B54AEC6B-30F2-472A-9B6B-FA52120702E4}.Release|x86.ActiveCfg = Release|Any CPU
		{B54AEC6B-30F2-472A-9B6B-FA52120702E4}.Release|x86.Build.0 = Release|Any CPU
		{97FB4E66-53AF-40E5-9645-E94F7E146929}.Debug|Any CPU.ActiveCfg = Debug|Any CPU
		{97FB4E66-53AF-40E5-9645-E94F7E146929}.Debug|Any CPU.Build.0 = Debug|Any CPU
		{97FB4E66-53AF-40E5-9645-E94F7E146929}.Debug|ARM.ActiveCfg = Debug|Any CPU
		{97FB4E66-53AF-40E5-9645-E94F7E146929}.Debug|ARM.Build.0 = Debug|Any CPU
		{97FB4E66-53AF-40E5-9645-E94F7E146929}.Debug|ARM64.ActiveCfg = Debug|Any CPU
		{97FB4E66-53AF-40E5-9645-E94F7E146929}.Debug|ARM64.Build.0 = Debug|Any CPU
		{97FB4E66-53AF-40E5-9645-E94F7E146929}.Debug|x64.ActiveCfg = Debug|Any CPU
		{97FB4E66-53AF-40E5-9645-E94F7E146929}.Debug|x64.Build.0 = Debug|Any CPU
		{97FB4E66-53AF-40E5-9645-E94F7E146929}.Debug|x86.ActiveCfg = Debug|Any CPU
		{97FB4E66-53AF-40E5-9645-E94F7E146929}.Debug|x86.Build.0 = Debug|Any CPU
		{97FB4E66-53AF-40E5-9645-E94F7E146929}.Release|Any CPU.ActiveCfg = Release|Any CPU
		{97FB4E66-53AF-40E5-9645-E94F7E146929}.Release|Any CPU.Build.0 = Release|Any CPU
		{97FB4E66-53AF-40E5-9645-E94F7E146929}.Release|ARM.ActiveCfg = Release|Any CPU
		{97FB4E66-53AF-40E5-9645-E94F7E146929}.Release|ARM.Build.0 = Release|Any CPU
		{97FB4E66-53AF-40E5-9645-E94F7E146929}.Release|ARM64.ActiveCfg = Release|Any CPU
		{97FB4E66-53AF-40E5-9645-E94F7E146929}.Release|ARM64.Build.0 = Release|Any CPU
		{97FB4E66-53AF-40E5-9645-E94F7E146929}.Release|x64.ActiveCfg = Release|Any CPU
		{97FB4E66-53AF-40E5-9645-E94F7E146929}.Release|x64.Build.0 = Release|Any CPU
		{97FB4E66-53AF-40E5-9645-E94F7E146929}.Release|x86.ActiveCfg = Release|Any CPU
		{97FB4E66-53AF-40E5-9645-E94F7E146929}.Release|x86.Build.0 = Release|Any CPU
		{B2B779E8-C25A-4163-84A4-D96FCB54D09B}.Debug|Any CPU.ActiveCfg = Debug|Any CPU
		{B2B779E8-C25A-4163-84A4-D96FCB54D09B}.Debug|Any CPU.Build.0 = Debug|Any CPU
		{B2B779E8-C25A-4163-84A4-D96FCB54D09B}.Debug|ARM.ActiveCfg = Debug|Any CPU
		{B2B779E8-C25A-4163-84A4-D96FCB54D09B}.Debug|ARM.Build.0 = Debug|Any CPU
		{B2B779E8-C25A-4163-84A4-D96FCB54D09B}.Debug|ARM64.ActiveCfg = Debug|Any CPU
		{B2B779E8-C25A-4163-84A4-D96FCB54D09B}.Debug|ARM64.Build.0 = Debug|Any CPU
		{B2B779E8-C25A-4163-84A4-D96FCB54D09B}.Debug|x64.ActiveCfg = Debug|Any CPU
		{B2B779E8-C25A-4163-84A4-D96FCB54D09B}.Debug|x64.Build.0 = Debug|Any CPU
		{B2B779E8-C25A-4163-84A4-D96FCB54D09B}.Debug|x86.ActiveCfg = Debug|Any CPU
		{B2B779E8-C25A-4163-84A4-D96FCB54D09B}.Debug|x86.Build.0 = Debug|Any CPU
		{B2B779E8-C25A-4163-84A4-D96FCB54D09B}.Release|Any CPU.ActiveCfg = Release|Any CPU
		{B2B779E8-C25A-4163-84A4-D96FCB54D09B}.Release|Any CPU.Build.0 = Release|Any CPU
		{B2B779E8-C25A-4163-84A4-D96FCB54D09B}.Release|ARM.ActiveCfg = Release|Any CPU
		{B2B779E8-C25A-4163-84A4-D96FCB54D09B}.Release|ARM.Build.0 = Release|Any CPU
		{B2B779E8-C25A-4163-84A4-D96FCB54D09B}.Release|ARM64.ActiveCfg = Release|Any CPU
		{B2B779E8-C25A-4163-84A4-D96FCB54D09B}.Release|ARM64.Build.0 = Release|Any CPU
		{B2B779E8-C25A-4163-84A4-D96FCB54D09B}.Release|x64.ActiveCfg = Release|Any CPU
		{B2B779E8-C25A-4163-84A4-D96FCB54D09B}.Release|x64.Build.0 = Release|Any CPU
		{B2B779E8-C25A-4163-84A4-D96FCB54D09B}.Release|x86.ActiveCfg = Release|Any CPU
		{B2B779E8-C25A-4163-84A4-D96FCB54D09B}.Release|x86.Build.0 = Release|Any CPU
		{F625FE82-9C0C-4311-8DF9-9D5F715A3C93}.Debug|Any CPU.ActiveCfg = Debug|Any CPU
		{F625FE82-9C0C-4311-8DF9-9D5F715A3C93}.Debug|Any CPU.Build.0 = Debug|Any CPU
		{F625FE82-9C0C-4311-8DF9-9D5F715A3C93}.Debug|ARM.ActiveCfg = Debug|Any CPU
		{F625FE82-9C0C-4311-8DF9-9D5F715A3C93}.Debug|ARM.Build.0 = Debug|Any CPU
		{F625FE82-9C0C-4311-8DF9-9D5F715A3C93}.Debug|ARM64.ActiveCfg = Debug|Any CPU
		{F625FE82-9C0C-4311-8DF9-9D5F715A3C93}.Debug|ARM64.Build.0 = Debug|Any CPU
		{F625FE82-9C0C-4311-8DF9-9D5F715A3C93}.Debug|x64.ActiveCfg = Debug|Any CPU
		{F625FE82-9C0C-4311-8DF9-9D5F715A3C93}.Debug|x64.Build.0 = Debug|Any CPU
		{F625FE82-9C0C-4311-8DF9-9D5F715A3C93}.Debug|x86.ActiveCfg = Debug|Any CPU
		{F625FE82-9C0C-4311-8DF9-9D5F715A3C93}.Debug|x86.Build.0 = Debug|Any CPU
		{F625FE82-9C0C-4311-8DF9-9D5F715A3C93}.Release|Any CPU.ActiveCfg = Release|Any CPU
		{F625FE82-9C0C-4311-8DF9-9D5F715A3C93}.Release|Any CPU.Build.0 = Release|Any CPU
		{F625FE82-9C0C-4311-8DF9-9D5F715A3C93}.Release|ARM.ActiveCfg = Release|Any CPU
		{F625FE82-9C0C-4311-8DF9-9D5F715A3C93}.Release|ARM.Build.0 = Release|Any CPU
		{F625FE82-9C0C-4311-8DF9-9D5F715A3C93}.Release|ARM64.ActiveCfg = Release|Any CPU
		{F625FE82-9C0C-4311-8DF9-9D5F715A3C93}.Release|ARM64.Build.0 = Release|Any CPU
		{F625FE82-9C0C-4311-8DF9-9D5F715A3C93}.Release|x64.ActiveCfg = Release|Any CPU
		{F625FE82-9C0C-4311-8DF9-9D5F715A3C93}.Release|x64.Build.0 = Release|Any CPU
		{F625FE82-9C0C-4311-8DF9-9D5F715A3C93}.Release|x86.ActiveCfg = Release|Any CPU
		{F625FE82-9C0C-4311-8DF9-9D5F715A3C93}.Release|x86.Build.0 = Release|Any CPU
		{DA9FE433-00BC-4867-B7B2-110A479353D0}.Debug|Any CPU.ActiveCfg = Debug|Any CPU
		{DA9FE433-00BC-4867-B7B2-110A479353D0}.Debug|Any CPU.Build.0 = Debug|Any CPU
		{DA9FE433-00BC-4867-B7B2-110A479353D0}.Debug|ARM.ActiveCfg = Debug|Any CPU
		{DA9FE433-00BC-4867-B7B2-110A479353D0}.Debug|ARM.Build.0 = Debug|Any CPU
		{DA9FE433-00BC-4867-B7B2-110A479353D0}.Debug|ARM64.ActiveCfg = Debug|Any CPU
		{DA9FE433-00BC-4867-B7B2-110A479353D0}.Debug|ARM64.Build.0 = Debug|Any CPU
		{DA9FE433-00BC-4867-B7B2-110A479353D0}.Debug|x64.ActiveCfg = Debug|Any CPU
		{DA9FE433-00BC-4867-B7B2-110A479353D0}.Debug|x64.Build.0 = Debug|Any CPU
		{DA9FE433-00BC-4867-B7B2-110A479353D0}.Debug|x86.ActiveCfg = Debug|Any CPU
		{DA9FE433-00BC-4867-B7B2-110A479353D0}.Debug|x86.Build.0 = Debug|Any CPU
		{DA9FE433-00BC-4867-B7B2-110A479353D0}.Release|Any CPU.ActiveCfg = Release|Any CPU
		{DA9FE433-00BC-4867-B7B2-110A479353D0}.Release|Any CPU.Build.0 = Release|Any CPU
		{DA9FE433-00BC-4867-B7B2-110A479353D0}.Release|ARM.ActiveCfg = Release|Any CPU
		{DA9FE433-00BC-4867-B7B2-110A479353D0}.Release|ARM.Build.0 = Release|Any CPU
		{DA9FE433-00BC-4867-B7B2-110A479353D0}.Release|ARM64.ActiveCfg = Release|Any CPU
		{DA9FE433-00BC-4867-B7B2-110A479353D0}.Release|ARM64.Build.0 = Release|Any CPU
		{DA9FE433-00BC-4867-B7B2-110A479353D0}.Release|x64.ActiveCfg = Release|Any CPU
		{DA9FE433-00BC-4867-B7B2-110A479353D0}.Release|x64.Build.0 = Release|Any CPU
		{DA9FE433-00BC-4867-B7B2-110A479353D0}.Release|x86.ActiveCfg = Release|Any CPU
		{DA9FE433-00BC-4867-B7B2-110A479353D0}.Release|x86.Build.0 = Release|Any CPU
		{5796968C-4CF1-4604-B206-DC073E836D0D}.Debug|Any CPU.ActiveCfg = Debug|Any CPU
		{5796968C-4CF1-4604-B206-DC073E836D0D}.Debug|Any CPU.Build.0 = Debug|Any CPU
		{5796968C-4CF1-4604-B206-DC073E836D0D}.Debug|ARM.ActiveCfg = Debug|Any CPU
		{5796968C-4CF1-4604-B206-DC073E836D0D}.Debug|ARM.Build.0 = Debug|Any CPU
		{5796968C-4CF1-4604-B206-DC073E836D0D}.Debug|ARM64.ActiveCfg = Debug|Any CPU
		{5796968C-4CF1-4604-B206-DC073E836D0D}.Debug|ARM64.Build.0 = Debug|Any CPU
		{5796968C-4CF1-4604-B206-DC073E836D0D}.Debug|x64.ActiveCfg = Debug|Any CPU
		{5796968C-4CF1-4604-B206-DC073E836D0D}.Debug|x64.Build.0 = Debug|Any CPU
		{5796968C-4CF1-4604-B206-DC073E836D0D}.Debug|x86.ActiveCfg = Debug|Any CPU
		{5796968C-4CF1-4604-B206-DC073E836D0D}.Debug|x86.Build.0 = Debug|Any CPU
		{5796968C-4CF1-4604-B206-DC073E836D0D}.Release|Any CPU.ActiveCfg = Release|Any CPU
		{5796968C-4CF1-4604-B206-DC073E836D0D}.Release|Any CPU.Build.0 = Release|Any CPU
		{5796968C-4CF1-4604-B206-DC073E836D0D}.Release|ARM.ActiveCfg = Release|Any CPU
		{5796968C-4CF1-4604-B206-DC073E836D0D}.Release|ARM.Build.0 = Release|Any CPU
		{5796968C-4CF1-4604-B206-DC073E836D0D}.Release|ARM64.ActiveCfg = Release|Any CPU
		{5796968C-4CF1-4604-B206-DC073E836D0D}.Release|ARM64.Build.0 = Release|Any CPU
		{5796968C-4CF1-4604-B206-DC073E836D0D}.Release|x64.ActiveCfg = Release|Any CPU
		{5796968C-4CF1-4604-B206-DC073E836D0D}.Release|x64.Build.0 = Release|Any CPU
		{5796968C-4CF1-4604-B206-DC073E836D0D}.Release|x86.ActiveCfg = Release|Any CPU
		{5796968C-4CF1-4604-B206-DC073E836D0D}.Release|x86.Build.0 = Release|Any CPU
		{A5C372A4-9762-4CE5-906C-24075813C668}.Debug|Any CPU.ActiveCfg = Debug|Any CPU
		{A5C372A4-9762-4CE5-906C-24075813C668}.Debug|Any CPU.Build.0 = Debug|Any CPU
		{A5C372A4-9762-4CE5-906C-24075813C668}.Debug|ARM.ActiveCfg = Debug|Any CPU
		{A5C372A4-9762-4CE5-906C-24075813C668}.Debug|ARM.Build.0 = Debug|Any CPU
		{A5C372A4-9762-4CE5-906C-24075813C668}.Debug|ARM64.ActiveCfg = Debug|Any CPU
		{A5C372A4-9762-4CE5-906C-24075813C668}.Debug|ARM64.Build.0 = Debug|Any CPU
		{A5C372A4-9762-4CE5-906C-24075813C668}.Debug|x64.ActiveCfg = Debug|Any CPU
		{A5C372A4-9762-4CE5-906C-24075813C668}.Debug|x64.Build.0 = Debug|Any CPU
		{A5C372A4-9762-4CE5-906C-24075813C668}.Debug|x86.ActiveCfg = Debug|Any CPU
		{A5C372A4-9762-4CE5-906C-24075813C668}.Debug|x86.Build.0 = Debug|Any CPU
		{A5C372A4-9762-4CE5-906C-24075813C668}.Release|Any CPU.ActiveCfg = Release|Any CPU
		{A5C372A4-9762-4CE5-906C-24075813C668}.Release|Any CPU.Build.0 = Release|Any CPU
		{A5C372A4-9762-4CE5-906C-24075813C668}.Release|ARM.ActiveCfg = Release|Any CPU
		{A5C372A4-9762-4CE5-906C-24075813C668}.Release|ARM.Build.0 = Release|Any CPU
		{A5C372A4-9762-4CE5-906C-24075813C668}.Release|ARM64.ActiveCfg = Release|Any CPU
		{A5C372A4-9762-4CE5-906C-24075813C668}.Release|ARM64.Build.0 = Release|Any CPU
		{A5C372A4-9762-4CE5-906C-24075813C668}.Release|x64.ActiveCfg = Release|Any CPU
		{A5C372A4-9762-4CE5-906C-24075813C668}.Release|x64.Build.0 = Release|Any CPU
		{A5C372A4-9762-4CE5-906C-24075813C668}.Release|x86.ActiveCfg = Release|Any CPU
		{A5C372A4-9762-4CE5-906C-24075813C668}.Release|x86.Build.0 = Release|Any CPU
		{11BB59CC-0AF4-4CD0-9011-F72D129E1291}.Debug|Any CPU.ActiveCfg = Debug|Any CPU
		{11BB59CC-0AF4-4CD0-9011-F72D129E1291}.Debug|Any CPU.Build.0 = Debug|Any CPU
		{11BB59CC-0AF4-4CD0-9011-F72D129E1291}.Debug|ARM.ActiveCfg = Debug|Any CPU
		{11BB59CC-0AF4-4CD0-9011-F72D129E1291}.Debug|ARM.Build.0 = Debug|Any CPU
		{11BB59CC-0AF4-4CD0-9011-F72D129E1291}.Debug|ARM64.ActiveCfg = Debug|Any CPU
		{11BB59CC-0AF4-4CD0-9011-F72D129E1291}.Debug|ARM64.Build.0 = Debug|Any CPU
		{11BB59CC-0AF4-4CD0-9011-F72D129E1291}.Debug|x64.ActiveCfg = Debug|Any CPU
		{11BB59CC-0AF4-4CD0-9011-F72D129E1291}.Debug|x64.Build.0 = Debug|Any CPU
		{11BB59CC-0AF4-4CD0-9011-F72D129E1291}.Debug|x86.ActiveCfg = Debug|Any CPU
		{11BB59CC-0AF4-4CD0-9011-F72D129E1291}.Debug|x86.Build.0 = Debug|Any CPU
		{11BB59CC-0AF4-4CD0-9011-F72D129E1291}.Release|Any CPU.ActiveCfg = Release|Any CPU
		{11BB59CC-0AF4-4CD0-9011-F72D129E1291}.Release|Any CPU.Build.0 = Release|Any CPU
		{11BB59CC-0AF4-4CD0-9011-F72D129E1291}.Release|ARM.ActiveCfg = Release|Any CPU
		{11BB59CC-0AF4-4CD0-9011-F72D129E1291}.Release|ARM.Build.0 = Release|Any CPU
		{11BB59CC-0AF4-4CD0-9011-F72D129E1291}.Release|ARM64.ActiveCfg = Release|Any CPU
		{11BB59CC-0AF4-4CD0-9011-F72D129E1291}.Release|ARM64.Build.0 = Release|Any CPU
		{11BB59CC-0AF4-4CD0-9011-F72D129E1291}.Release|x64.ActiveCfg = Release|Any CPU
		{11BB59CC-0AF4-4CD0-9011-F72D129E1291}.Release|x64.Build.0 = Release|Any CPU
		{11BB59CC-0AF4-4CD0-9011-F72D129E1291}.Release|x86.ActiveCfg = Release|Any CPU
		{11BB59CC-0AF4-4CD0-9011-F72D129E1291}.Release|x86.Build.0 = Release|Any CPU
		{F7E8094E-1875-4EA4-8A72-48DCF2123F0A}.Debug|Any CPU.ActiveCfg = Debug|Any CPU
		{F7E8094E-1875-4EA4-8A72-48DCF2123F0A}.Debug|Any CPU.Build.0 = Debug|Any CPU
		{F7E8094E-1875-4EA4-8A72-48DCF2123F0A}.Debug|ARM.ActiveCfg = Debug|Any CPU
		{F7E8094E-1875-4EA4-8A72-48DCF2123F0A}.Debug|ARM.Build.0 = Debug|Any CPU
		{F7E8094E-1875-4EA4-8A72-48DCF2123F0A}.Debug|ARM64.ActiveCfg = Debug|Any CPU
		{F7E8094E-1875-4EA4-8A72-48DCF2123F0A}.Debug|ARM64.Build.0 = Debug|Any CPU
		{F7E8094E-1875-4EA4-8A72-48DCF2123F0A}.Debug|x64.ActiveCfg = Debug|Any CPU
		{F7E8094E-1875-4EA4-8A72-48DCF2123F0A}.Debug|x64.Build.0 = Debug|Any CPU
		{F7E8094E-1875-4EA4-8A72-48DCF2123F0A}.Debug|x86.ActiveCfg = Debug|Any CPU
		{F7E8094E-1875-4EA4-8A72-48DCF2123F0A}.Debug|x86.Build.0 = Debug|Any CPU
		{F7E8094E-1875-4EA4-8A72-48DCF2123F0A}.Release|Any CPU.ActiveCfg = Release|Any CPU
		{F7E8094E-1875-4EA4-8A72-48DCF2123F0A}.Release|Any CPU.Build.0 = Release|Any CPU
		{F7E8094E-1875-4EA4-8A72-48DCF2123F0A}.Release|ARM.ActiveCfg = Release|Any CPU
		{F7E8094E-1875-4EA4-8A72-48DCF2123F0A}.Release|ARM.Build.0 = Release|Any CPU
		{F7E8094E-1875-4EA4-8A72-48DCF2123F0A}.Release|ARM64.ActiveCfg = Release|Any CPU
		{F7E8094E-1875-4EA4-8A72-48DCF2123F0A}.Release|ARM64.Build.0 = Release|Any CPU
		{F7E8094E-1875-4EA4-8A72-48DCF2123F0A}.Release|x64.ActiveCfg = Release|Any CPU
		{F7E8094E-1875-4EA4-8A72-48DCF2123F0A}.Release|x64.Build.0 = Release|Any CPU
		{F7E8094E-1875-4EA4-8A72-48DCF2123F0A}.Release|x86.ActiveCfg = Release|Any CPU
		{F7E8094E-1875-4EA4-8A72-48DCF2123F0A}.Release|x86.Build.0 = Release|Any CPU
		{636C476F-8ED4-423E-87C0-20D327A1C293}.Debug|Any CPU.ActiveCfg = Debug|Any CPU
		{636C476F-8ED4-423E-87C0-20D327A1C293}.Debug|Any CPU.Build.0 = Debug|Any CPU
		{636C476F-8ED4-423E-87C0-20D327A1C293}.Debug|ARM.ActiveCfg = Debug|Any CPU
		{636C476F-8ED4-423E-87C0-20D327A1C293}.Debug|ARM.Build.0 = Debug|Any CPU
		{636C476F-8ED4-423E-87C0-20D327A1C293}.Debug|ARM64.ActiveCfg = Debug|Any CPU
		{636C476F-8ED4-423E-87C0-20D327A1C293}.Debug|ARM64.Build.0 = Debug|Any CPU
		{636C476F-8ED4-423E-87C0-20D327A1C293}.Debug|x64.ActiveCfg = Debug|Any CPU
		{636C476F-8ED4-423E-87C0-20D327A1C293}.Debug|x64.Build.0 = Debug|Any CPU
		{636C476F-8ED4-423E-87C0-20D327A1C293}.Debug|x86.ActiveCfg = Debug|Any CPU
		{636C476F-8ED4-423E-87C0-20D327A1C293}.Debug|x86.Build.0 = Debug|Any CPU
		{636C476F-8ED4-423E-87C0-20D327A1C293}.Release|Any CPU.ActiveCfg = Release|Any CPU
		{636C476F-8ED4-423E-87C0-20D327A1C293}.Release|Any CPU.Build.0 = Release|Any CPU
		{636C476F-8ED4-423E-87C0-20D327A1C293}.Release|ARM.ActiveCfg = Release|Any CPU
		{636C476F-8ED4-423E-87C0-20D327A1C293}.Release|ARM.Build.0 = Release|Any CPU
		{636C476F-8ED4-423E-87C0-20D327A1C293}.Release|ARM64.ActiveCfg = Release|Any CPU
		{636C476F-8ED4-423E-87C0-20D327A1C293}.Release|ARM64.Build.0 = Release|Any CPU
		{636C476F-8ED4-423E-87C0-20D327A1C293}.Release|x64.ActiveCfg = Release|Any CPU
		{636C476F-8ED4-423E-87C0-20D327A1C293}.Release|x64.Build.0 = Release|Any CPU
		{636C476F-8ED4-423E-87C0-20D327A1C293}.Release|x86.ActiveCfg = Release|Any CPU
		{636C476F-8ED4-423E-87C0-20D327A1C293}.Release|x86.Build.0 = Release|Any CPU
		{2D6BB8C2-A22A-45CD-9177-BABFE1D627D6}.Debug|Any CPU.ActiveCfg = Debug|Any CPU
		{2D6BB8C2-A22A-45CD-9177-BABFE1D627D6}.Debug|Any CPU.Build.0 = Debug|Any CPU
		{2D6BB8C2-A22A-45CD-9177-BABFE1D627D6}.Debug|ARM.ActiveCfg = Debug|Any CPU
		{2D6BB8C2-A22A-45CD-9177-BABFE1D627D6}.Debug|ARM.Build.0 = Debug|Any CPU
		{2D6BB8C2-A22A-45CD-9177-BABFE1D627D6}.Debug|ARM64.ActiveCfg = Debug|Any CPU
		{2D6BB8C2-A22A-45CD-9177-BABFE1D627D6}.Debug|ARM64.Build.0 = Debug|Any CPU
		{2D6BB8C2-A22A-45CD-9177-BABFE1D627D6}.Debug|x64.ActiveCfg = Debug|Any CPU
		{2D6BB8C2-A22A-45CD-9177-BABFE1D627D6}.Debug|x64.Build.0 = Debug|Any CPU
		{2D6BB8C2-A22A-45CD-9177-BABFE1D627D6}.Debug|x86.ActiveCfg = Debug|Any CPU
		{2D6BB8C2-A22A-45CD-9177-BABFE1D627D6}.Debug|x86.Build.0 = Debug|Any CPU
		{2D6BB8C2-A22A-45CD-9177-BABFE1D627D6}.Release|Any CPU.ActiveCfg = Release|Any CPU
		{2D6BB8C2-A22A-45CD-9177-BABFE1D627D6}.Release|Any CPU.Build.0 = Release|Any CPU
		{2D6BB8C2-A22A-45CD-9177-BABFE1D627D6}.Release|ARM.ActiveCfg = Release|Any CPU
		{2D6BB8C2-A22A-45CD-9177-BABFE1D627D6}.Release|ARM.Build.0 = Release|Any CPU
		{2D6BB8C2-A22A-45CD-9177-BABFE1D627D6}.Release|ARM64.ActiveCfg = Release|Any CPU
		{2D6BB8C2-A22A-45CD-9177-BABFE1D627D6}.Release|ARM64.Build.0 = Release|Any CPU
		{2D6BB8C2-A22A-45CD-9177-BABFE1D627D6}.Release|x64.ActiveCfg = Release|Any CPU
		{2D6BB8C2-A22A-45CD-9177-BABFE1D627D6}.Release|x64.Build.0 = Release|Any CPU
		{2D6BB8C2-A22A-45CD-9177-BABFE1D627D6}.Release|x86.ActiveCfg = Release|Any CPU
		{2D6BB8C2-A22A-45CD-9177-BABFE1D627D6}.Release|x86.Build.0 = Release|Any CPU
		{1A3EAA0F-12B9-4D43-B97F-4585073A4339}.Debug|Any CPU.ActiveCfg = Debug|Any CPU
		{1A3EAA0F-12B9-4D43-B97F-4585073A4339}.Debug|Any CPU.Build.0 = Debug|Any CPU
		{1A3EAA0F-12B9-4D43-B97F-4585073A4339}.Debug|ARM.ActiveCfg = Debug|Any CPU
		{1A3EAA0F-12B9-4D43-B97F-4585073A4339}.Debug|ARM.Build.0 = Debug|Any CPU
		{1A3EAA0F-12B9-4D43-B97F-4585073A4339}.Debug|ARM64.ActiveCfg = Debug|Any CPU
		{1A3EAA0F-12B9-4D43-B97F-4585073A4339}.Debug|ARM64.Build.0 = Debug|Any CPU
		{1A3EAA0F-12B9-4D43-B97F-4585073A4339}.Debug|x64.ActiveCfg = Debug|Any CPU
		{1A3EAA0F-12B9-4D43-B97F-4585073A4339}.Debug|x64.Build.0 = Debug|Any CPU
		{1A3EAA0F-12B9-4D43-B97F-4585073A4339}.Debug|x86.ActiveCfg = Debug|Any CPU
		{1A3EAA0F-12B9-4D43-B97F-4585073A4339}.Debug|x86.Build.0 = Debug|Any CPU
		{1A3EAA0F-12B9-4D43-B97F-4585073A4339}.Release|Any CPU.ActiveCfg = Release|Any CPU
		{1A3EAA0F-12B9-4D43-B97F-4585073A4339}.Release|Any CPU.Build.0 = Release|Any CPU
		{1A3EAA0F-12B9-4D43-B97F-4585073A4339}.Release|ARM.ActiveCfg = Release|Any CPU
		{1A3EAA0F-12B9-4D43-B97F-4585073A4339}.Release|ARM.Build.0 = Release|Any CPU
		{1A3EAA0F-12B9-4D43-B97F-4585073A4339}.Release|ARM64.ActiveCfg = Release|Any CPU
		{1A3EAA0F-12B9-4D43-B97F-4585073A4339}.Release|ARM64.Build.0 = Release|Any CPU
		{1A3EAA0F-12B9-4D43-B97F-4585073A4339}.Release|x64.ActiveCfg = Release|Any CPU
		{1A3EAA0F-12B9-4D43-B97F-4585073A4339}.Release|x64.Build.0 = Release|Any CPU
		{1A3EAA0F-12B9-4D43-B97F-4585073A4339}.Release|x86.ActiveCfg = Release|Any CPU
		{1A3EAA0F-12B9-4D43-B97F-4585073A4339}.Release|x86.Build.0 = Release|Any CPU
		{CC483A64-17EE-4593-9B81-A95163D30CBA}.Debug|Any CPU.ActiveCfg = Debug|Any CPU
		{CC483A64-17EE-4593-9B81-A95163D30CBA}.Debug|Any CPU.Build.0 = Debug|Any CPU
		{CC483A64-17EE-4593-9B81-A95163D30CBA}.Debug|ARM.ActiveCfg = Debug|Any CPU
		{CC483A64-17EE-4593-9B81-A95163D30CBA}.Debug|ARM.Build.0 = Debug|Any CPU
		{CC483A64-17EE-4593-9B81-A95163D30CBA}.Debug|ARM64.ActiveCfg = Debug|Any CPU
		{CC483A64-17EE-4593-9B81-A95163D30CBA}.Debug|ARM64.Build.0 = Debug|Any CPU
		{CC483A64-17EE-4593-9B81-A95163D30CBA}.Debug|x64.ActiveCfg = Debug|Any CPU
		{CC483A64-17EE-4593-9B81-A95163D30CBA}.Debug|x64.Build.0 = Debug|Any CPU
		{CC483A64-17EE-4593-9B81-A95163D30CBA}.Debug|x86.ActiveCfg = Debug|Any CPU
		{CC483A64-17EE-4593-9B81-A95163D30CBA}.Debug|x86.Build.0 = Debug|Any CPU
		{CC483A64-17EE-4593-9B81-A95163D30CBA}.Release|Any CPU.ActiveCfg = Release|Any CPU
		{CC483A64-17EE-4593-9B81-A95163D30CBA}.Release|Any CPU.Build.0 = Release|Any CPU
		{CC483A64-17EE-4593-9B81-A95163D30CBA}.Release|ARM.ActiveCfg = Release|Any CPU
		{CC483A64-17EE-4593-9B81-A95163D30CBA}.Release|ARM.Build.0 = Release|Any CPU
		{CC483A64-17EE-4593-9B81-A95163D30CBA}.Release|ARM64.ActiveCfg = Release|Any CPU
		{CC483A64-17EE-4593-9B81-A95163D30CBA}.Release|ARM64.Build.0 = Release|Any CPU
		{CC483A64-17EE-4593-9B81-A95163D30CBA}.Release|x64.ActiveCfg = Release|Any CPU
		{CC483A64-17EE-4593-9B81-A95163D30CBA}.Release|x64.Build.0 = Release|Any CPU
		{CC483A64-17EE-4593-9B81-A95163D30CBA}.Release|x86.ActiveCfg = Release|Any CPU
		{CC483A64-17EE-4593-9B81-A95163D30CBA}.Release|x86.Build.0 = Release|Any CPU
		{1FA6B7AD-26BE-4E77-91F9-68C8D7B5DD98}.Debug|Any CPU.ActiveCfg = Debug|Any CPU
		{1FA6B7AD-26BE-4E77-91F9-68C8D7B5DD98}.Debug|Any CPU.Build.0 = Debug|Any CPU
		{1FA6B7AD-26BE-4E77-91F9-68C8D7B5DD98}.Debug|ARM.ActiveCfg = Debug|Any CPU
		{1FA6B7AD-26BE-4E77-91F9-68C8D7B5DD98}.Debug|ARM.Build.0 = Debug|Any CPU
		{1FA6B7AD-26BE-4E77-91F9-68C8D7B5DD98}.Debug|ARM64.ActiveCfg = Debug|Any CPU
		{1FA6B7AD-26BE-4E77-91F9-68C8D7B5DD98}.Debug|ARM64.Build.0 = Debug|Any CPU
		{1FA6B7AD-26BE-4E77-91F9-68C8D7B5DD98}.Debug|x64.ActiveCfg = Debug|Any CPU
		{1FA6B7AD-26BE-4E77-91F9-68C8D7B5DD98}.Debug|x64.Build.0 = Debug|Any CPU
		{1FA6B7AD-26BE-4E77-91F9-68C8D7B5DD98}.Debug|x86.ActiveCfg = Debug|Any CPU
		{1FA6B7AD-26BE-4E77-91F9-68C8D7B5DD98}.Debug|x86.Build.0 = Debug|Any CPU
		{1FA6B7AD-26BE-4E77-91F9-68C8D7B5DD98}.Release|Any CPU.ActiveCfg = Release|Any CPU
		{1FA6B7AD-26BE-4E77-91F9-68C8D7B5DD98}.Release|Any CPU.Build.0 = Release|Any CPU
		{1FA6B7AD-26BE-4E77-91F9-68C8D7B5DD98}.Release|ARM.ActiveCfg = Release|Any CPU
		{1FA6B7AD-26BE-4E77-91F9-68C8D7B5DD98}.Release|ARM.Build.0 = Release|Any CPU
		{1FA6B7AD-26BE-4E77-91F9-68C8D7B5DD98}.Release|ARM64.ActiveCfg = Release|Any CPU
		{1FA6B7AD-26BE-4E77-91F9-68C8D7B5DD98}.Release|ARM64.Build.0 = Release|Any CPU
		{1FA6B7AD-26BE-4E77-91F9-68C8D7B5DD98}.Release|x64.ActiveCfg = Release|Any CPU
		{1FA6B7AD-26BE-4E77-91F9-68C8D7B5DD98}.Release|x64.Build.0 = Release|Any CPU
		{1FA6B7AD-26BE-4E77-91F9-68C8D7B5DD98}.Release|x86.ActiveCfg = Release|Any CPU
		{1FA6B7AD-26BE-4E77-91F9-68C8D7B5DD98}.Release|x86.Build.0 = Release|Any CPU
		{7AE90D28-F8C1-4413-9A58-8067ECE35D89}.Debug|Any CPU.ActiveCfg = Debug|Any CPU
		{7AE90D28-F8C1-4413-9A58-8067ECE35D89}.Debug|Any CPU.Build.0 = Debug|Any CPU
		{7AE90D28-F8C1-4413-9A58-8067ECE35D89}.Debug|ARM.ActiveCfg = Debug|Any CPU
		{7AE90D28-F8C1-4413-9A58-8067ECE35D89}.Debug|ARM.Build.0 = Debug|Any CPU
		{7AE90D28-F8C1-4413-9A58-8067ECE35D89}.Debug|ARM64.ActiveCfg = Debug|Any CPU
		{7AE90D28-F8C1-4413-9A58-8067ECE35D89}.Debug|ARM64.Build.0 = Debug|Any CPU
		{7AE90D28-F8C1-4413-9A58-8067ECE35D89}.Debug|x64.ActiveCfg = Debug|Any CPU
		{7AE90D28-F8C1-4413-9A58-8067ECE35D89}.Debug|x64.Build.0 = Debug|Any CPU
		{7AE90D28-F8C1-4413-9A58-8067ECE35D89}.Debug|x86.ActiveCfg = Debug|Any CPU
		{7AE90D28-F8C1-4413-9A58-8067ECE35D89}.Debug|x86.Build.0 = Debug|Any CPU
		{7AE90D28-F8C1-4413-9A58-8067ECE35D89}.Release|Any CPU.ActiveCfg = Release|Any CPU
		{7AE90D28-F8C1-4413-9A58-8067ECE35D89}.Release|Any CPU.Build.0 = Release|Any CPU
		{7AE90D28-F8C1-4413-9A58-8067ECE35D89}.Release|ARM.ActiveCfg = Release|Any CPU
		{7AE90D28-F8C1-4413-9A58-8067ECE35D89}.Release|ARM.Build.0 = Release|Any CPU
		{7AE90D28-F8C1-4413-9A58-8067ECE35D89}.Release|ARM64.ActiveCfg = Release|Any CPU
		{7AE90D28-F8C1-4413-9A58-8067ECE35D89}.Release|ARM64.Build.0 = Release|Any CPU
		{7AE90D28-F8C1-4413-9A58-8067ECE35D89}.Release|x64.ActiveCfg = Release|Any CPU
		{7AE90D28-F8C1-4413-9A58-8067ECE35D89}.Release|x64.Build.0 = Release|Any CPU
		{7AE90D28-F8C1-4413-9A58-8067ECE35D89}.Release|x86.ActiveCfg = Release|Any CPU
		{7AE90D28-F8C1-4413-9A58-8067ECE35D89}.Release|x86.Build.0 = Release|Any CPU
		{4417E3AC-135C-48C0-9AD2-46C872800A5E}.Debug|Any CPU.ActiveCfg = Debug|Any CPU
		{4417E3AC-135C-48C0-9AD2-46C872800A5E}.Debug|Any CPU.Build.0 = Debug|Any CPU
		{4417E3AC-135C-48C0-9AD2-46C872800A5E}.Debug|ARM.ActiveCfg = Debug|Any CPU
		{4417E3AC-135C-48C0-9AD2-46C872800A5E}.Debug|ARM.Build.0 = Debug|Any CPU
		{4417E3AC-135C-48C0-9AD2-46C872800A5E}.Debug|ARM64.ActiveCfg = Debug|Any CPU
		{4417E3AC-135C-48C0-9AD2-46C872800A5E}.Debug|ARM64.Build.0 = Debug|Any CPU
		{4417E3AC-135C-48C0-9AD2-46C872800A5E}.Debug|x64.ActiveCfg = Debug|Any CPU
		{4417E3AC-135C-48C0-9AD2-46C872800A5E}.Debug|x64.Build.0 = Debug|Any CPU
		{4417E3AC-135C-48C0-9AD2-46C872800A5E}.Debug|x86.ActiveCfg = Debug|Any CPU
		{4417E3AC-135C-48C0-9AD2-46C872800A5E}.Debug|x86.Build.0 = Debug|Any CPU
		{4417E3AC-135C-48C0-9AD2-46C872800A5E}.Release|Any CPU.ActiveCfg = Release|Any CPU
		{4417E3AC-135C-48C0-9AD2-46C872800A5E}.Release|Any CPU.Build.0 = Release|Any CPU
		{4417E3AC-135C-48C0-9AD2-46C872800A5E}.Release|ARM.ActiveCfg = Release|Any CPU
		{4417E3AC-135C-48C0-9AD2-46C872800A5E}.Release|ARM.Build.0 = Release|Any CPU
		{4417E3AC-135C-48C0-9AD2-46C872800A5E}.Release|ARM64.ActiveCfg = Release|Any CPU
		{4417E3AC-135C-48C0-9AD2-46C872800A5E}.Release|ARM64.Build.0 = Release|Any CPU
		{4417E3AC-135C-48C0-9AD2-46C872800A5E}.Release|x64.ActiveCfg = Release|Any CPU
		{4417E3AC-135C-48C0-9AD2-46C872800A5E}.Release|x64.Build.0 = Release|Any CPU
		{4417E3AC-135C-48C0-9AD2-46C872800A5E}.Release|x86.ActiveCfg = Release|Any CPU
		{4417E3AC-135C-48C0-9AD2-46C872800A5E}.Release|x86.Build.0 = Release|Any CPU
		{9BAD5A45-2578-4C16-8482-264F5A7129B5}.Debug|Any CPU.ActiveCfg = Debug|Any CPU
		{9BAD5A45-2578-4C16-8482-264F5A7129B5}.Debug|Any CPU.Build.0 = Debug|Any CPU
		{9BAD5A45-2578-4C16-8482-264F5A7129B5}.Debug|ARM.ActiveCfg = Debug|Any CPU
		{9BAD5A45-2578-4C16-8482-264F5A7129B5}.Debug|ARM.Build.0 = Debug|Any CPU
		{9BAD5A45-2578-4C16-8482-264F5A7129B5}.Debug|ARM64.ActiveCfg = Debug|Any CPU
		{9BAD5A45-2578-4C16-8482-264F5A7129B5}.Debug|ARM64.Build.0 = Debug|Any CPU
		{9BAD5A45-2578-4C16-8482-264F5A7129B5}.Debug|x64.ActiveCfg = Debug|Any CPU
		{9BAD5A45-2578-4C16-8482-264F5A7129B5}.Debug|x64.Build.0 = Debug|Any CPU
		{9BAD5A45-2578-4C16-8482-264F5A7129B5}.Debug|x86.ActiveCfg = Debug|Any CPU
		{9BAD5A45-2578-4C16-8482-264F5A7129B5}.Debug|x86.Build.0 = Debug|Any CPU
		{9BAD5A45-2578-4C16-8482-264F5A7129B5}.Release|Any CPU.ActiveCfg = Release|Any CPU
		{9BAD5A45-2578-4C16-8482-264F5A7129B5}.Release|Any CPU.Build.0 = Release|Any CPU
		{9BAD5A45-2578-4C16-8482-264F5A7129B5}.Release|ARM.ActiveCfg = Release|Any CPU
		{9BAD5A45-2578-4C16-8482-264F5A7129B5}.Release|ARM.Build.0 = Release|Any CPU
		{9BAD5A45-2578-4C16-8482-264F5A7129B5}.Release|ARM64.ActiveCfg = Release|Any CPU
		{9BAD5A45-2578-4C16-8482-264F5A7129B5}.Release|ARM64.Build.0 = Release|Any CPU
		{9BAD5A45-2578-4C16-8482-264F5A7129B5}.Release|x64.ActiveCfg = Release|Any CPU
		{9BAD5A45-2578-4C16-8482-264F5A7129B5}.Release|x64.Build.0 = Release|Any CPU
		{9BAD5A45-2578-4C16-8482-264F5A7129B5}.Release|x86.ActiveCfg = Release|Any CPU
		{9BAD5A45-2578-4C16-8482-264F5A7129B5}.Release|x86.Build.0 = Release|Any CPU
		{42BA00A3-06F1-4F8F-BD3E-C9E9A5F7CC6B}.Debug|Any CPU.ActiveCfg = Debug|Any CPU
		{42BA00A3-06F1-4F8F-BD3E-C9E9A5F7CC6B}.Debug|Any CPU.Build.0 = Debug|Any CPU
		{42BA00A3-06F1-4F8F-BD3E-C9E9A5F7CC6B}.Debug|ARM.ActiveCfg = Debug|Any CPU
		{42BA00A3-06F1-4F8F-BD3E-C9E9A5F7CC6B}.Debug|ARM.Build.0 = Debug|Any CPU
		{42BA00A3-06F1-4F8F-BD3E-C9E9A5F7CC6B}.Debug|ARM64.ActiveCfg = Debug|Any CPU
		{42BA00A3-06F1-4F8F-BD3E-C9E9A5F7CC6B}.Debug|ARM64.Build.0 = Debug|Any CPU
		{42BA00A3-06F1-4F8F-BD3E-C9E9A5F7CC6B}.Debug|x64.ActiveCfg = Debug|Any CPU
		{42BA00A3-06F1-4F8F-BD3E-C9E9A5F7CC6B}.Debug|x64.Build.0 = Debug|Any CPU
		{42BA00A3-06F1-4F8F-BD3E-C9E9A5F7CC6B}.Debug|x86.ActiveCfg = Debug|Any CPU
		{42BA00A3-06F1-4F8F-BD3E-C9E9A5F7CC6B}.Debug|x86.Build.0 = Debug|Any CPU
		{42BA00A3-06F1-4F8F-BD3E-C9E9A5F7CC6B}.Release|Any CPU.ActiveCfg = Release|Any CPU
		{42BA00A3-06F1-4F8F-BD3E-C9E9A5F7CC6B}.Release|Any CPU.Build.0 = Release|Any CPU
		{42BA00A3-06F1-4F8F-BD3E-C9E9A5F7CC6B}.Release|ARM.ActiveCfg = Release|Any CPU
		{42BA00A3-06F1-4F8F-BD3E-C9E9A5F7CC6B}.Release|ARM.Build.0 = Release|Any CPU
		{42BA00A3-06F1-4F8F-BD3E-C9E9A5F7CC6B}.Release|ARM64.ActiveCfg = Release|Any CPU
		{42BA00A3-06F1-4F8F-BD3E-C9E9A5F7CC6B}.Release|ARM64.Build.0 = Release|Any CPU
		{42BA00A3-06F1-4F8F-BD3E-C9E9A5F7CC6B}.Release|x64.ActiveCfg = Release|Any CPU
		{42BA00A3-06F1-4F8F-BD3E-C9E9A5F7CC6B}.Release|x64.Build.0 = Release|Any CPU
		{42BA00A3-06F1-4F8F-BD3E-C9E9A5F7CC6B}.Release|x86.ActiveCfg = Release|Any CPU
		{42BA00A3-06F1-4F8F-BD3E-C9E9A5F7CC6B}.Release|x86.Build.0 = Release|Any CPU
		{994DE142-B380-44A9-89DE-54013CA6B295}.Debug|Any CPU.ActiveCfg = Debug|Any CPU
		{994DE142-B380-44A9-89DE-54013CA6B295}.Debug|Any CPU.Build.0 = Debug|Any CPU
		{994DE142-B380-44A9-89DE-54013CA6B295}.Debug|ARM.ActiveCfg = Debug|Any CPU
		{994DE142-B380-44A9-89DE-54013CA6B295}.Debug|ARM.Build.0 = Debug|Any CPU
		{994DE142-B380-44A9-89DE-54013CA6B295}.Debug|ARM64.ActiveCfg = Debug|Any CPU
		{994DE142-B380-44A9-89DE-54013CA6B295}.Debug|ARM64.Build.0 = Debug|Any CPU
		{994DE142-B380-44A9-89DE-54013CA6B295}.Debug|x64.ActiveCfg = Debug|Any CPU
		{994DE142-B380-44A9-89DE-54013CA6B295}.Debug|x64.Build.0 = Debug|Any CPU
		{994DE142-B380-44A9-89DE-54013CA6B295}.Debug|x86.ActiveCfg = Debug|Any CPU
		{994DE142-B380-44A9-89DE-54013CA6B295}.Debug|x86.Build.0 = Debug|Any CPU
		{994DE142-B380-44A9-89DE-54013CA6B295}.Release|Any CPU.ActiveCfg = Release|Any CPU
		{994DE142-B380-44A9-89DE-54013CA6B295}.Release|Any CPU.Build.0 = Release|Any CPU
		{994DE142-B380-44A9-89DE-54013CA6B295}.Release|ARM.ActiveCfg = Release|Any CPU
		{994DE142-B380-44A9-89DE-54013CA6B295}.Release|ARM.Build.0 = Release|Any CPU
		{994DE142-B380-44A9-89DE-54013CA6B295}.Release|ARM64.ActiveCfg = Release|Any CPU
		{994DE142-B380-44A9-89DE-54013CA6B295}.Release|ARM64.Build.0 = Release|Any CPU
		{994DE142-B380-44A9-89DE-54013CA6B295}.Release|x64.ActiveCfg = Release|Any CPU
		{994DE142-B380-44A9-89DE-54013CA6B295}.Release|x64.Build.0 = Release|Any CPU
		{994DE142-B380-44A9-89DE-54013CA6B295}.Release|x86.ActiveCfg = Release|Any CPU
		{994DE142-B380-44A9-89DE-54013CA6B295}.Release|x86.Build.0 = Release|Any CPU
		{EF444262-DBD3-42E5-B642-31A794181D28}.Debug|Any CPU.ActiveCfg = Debug|Any CPU
		{EF444262-DBD3-42E5-B642-31A794181D28}.Debug|Any CPU.Build.0 = Debug|Any CPU
		{EF444262-DBD3-42E5-B642-31A794181D28}.Debug|ARM.ActiveCfg = Debug|Any CPU
		{EF444262-DBD3-42E5-B642-31A794181D28}.Debug|ARM.Build.0 = Debug|Any CPU
		{EF444262-DBD3-42E5-B642-31A794181D28}.Debug|ARM64.ActiveCfg = Debug|Any CPU
		{EF444262-DBD3-42E5-B642-31A794181D28}.Debug|ARM64.Build.0 = Debug|Any CPU
		{EF444262-DBD3-42E5-B642-31A794181D28}.Debug|x64.ActiveCfg = Debug|Any CPU
		{EF444262-DBD3-42E5-B642-31A794181D28}.Debug|x64.Build.0 = Debug|Any CPU
		{EF444262-DBD3-42E5-B642-31A794181D28}.Debug|x86.ActiveCfg = Debug|Any CPU
		{EF444262-DBD3-42E5-B642-31A794181D28}.Debug|x86.Build.0 = Debug|Any CPU
		{EF444262-DBD3-42E5-B642-31A794181D28}.Release|Any CPU.ActiveCfg = Release|Any CPU
		{EF444262-DBD3-42E5-B642-31A794181D28}.Release|Any CPU.Build.0 = Release|Any CPU
		{EF444262-DBD3-42E5-B642-31A794181D28}.Release|ARM.ActiveCfg = Release|Any CPU
		{EF444262-DBD3-42E5-B642-31A794181D28}.Release|ARM.Build.0 = Release|Any CPU
		{EF444262-DBD3-42E5-B642-31A794181D28}.Release|ARM64.ActiveCfg = Release|Any CPU
		{EF444262-DBD3-42E5-B642-31A794181D28}.Release|ARM64.Build.0 = Release|Any CPU
		{EF444262-DBD3-42E5-B642-31A794181D28}.Release|x64.ActiveCfg = Release|Any CPU
		{EF444262-DBD3-42E5-B642-31A794181D28}.Release|x64.Build.0 = Release|Any CPU
		{EF444262-DBD3-42E5-B642-31A794181D28}.Release|x86.ActiveCfg = Release|Any CPU
		{EF444262-DBD3-42E5-B642-31A794181D28}.Release|x86.Build.0 = Release|Any CPU
		{A5F718A5-B10F-4DD5-AFBA-0B4B5919D22E}.Debug|Any CPU.ActiveCfg = Debug|Any CPU
		{A5F718A5-B10F-4DD5-AFBA-0B4B5919D22E}.Debug|Any CPU.Build.0 = Debug|Any CPU
		{A5F718A5-B10F-4DD5-AFBA-0B4B5919D22E}.Debug|ARM.ActiveCfg = Debug|Any CPU
		{A5F718A5-B10F-4DD5-AFBA-0B4B5919D22E}.Debug|ARM.Build.0 = Debug|Any CPU
		{A5F718A5-B10F-4DD5-AFBA-0B4B5919D22E}.Debug|ARM64.ActiveCfg = Debug|Any CPU
		{A5F718A5-B10F-4DD5-AFBA-0B4B5919D22E}.Debug|ARM64.Build.0 = Debug|Any CPU
		{A5F718A5-B10F-4DD5-AFBA-0B4B5919D22E}.Debug|x64.ActiveCfg = Debug|Any CPU
		{A5F718A5-B10F-4DD5-AFBA-0B4B5919D22E}.Debug|x64.Build.0 = Debug|Any CPU
		{A5F718A5-B10F-4DD5-AFBA-0B4B5919D22E}.Debug|x86.ActiveCfg = Debug|Any CPU
		{A5F718A5-B10F-4DD5-AFBA-0B4B5919D22E}.Debug|x86.Build.0 = Debug|Any CPU
		{A5F718A5-B10F-4DD5-AFBA-0B4B5919D22E}.Release|Any CPU.ActiveCfg = Release|Any CPU
		{A5F718A5-B10F-4DD5-AFBA-0B4B5919D22E}.Release|Any CPU.Build.0 = Release|Any CPU
		{A5F718A5-B10F-4DD5-AFBA-0B4B5919D22E}.Release|ARM.ActiveCfg = Release|Any CPU
		{A5F718A5-B10F-4DD5-AFBA-0B4B5919D22E}.Release|ARM.Build.0 = Release|Any CPU
		{A5F718A5-B10F-4DD5-AFBA-0B4B5919D22E}.Release|ARM64.ActiveCfg = Release|Any CPU
		{A5F718A5-B10F-4DD5-AFBA-0B4B5919D22E}.Release|ARM64.Build.0 = Release|Any CPU
		{A5F718A5-B10F-4DD5-AFBA-0B4B5919D22E}.Release|x64.ActiveCfg = Release|Any CPU
		{A5F718A5-B10F-4DD5-AFBA-0B4B5919D22E}.Release|x64.Build.0 = Release|Any CPU
		{A5F718A5-B10F-4DD5-AFBA-0B4B5919D22E}.Release|x86.ActiveCfg = Release|Any CPU
		{A5F718A5-B10F-4DD5-AFBA-0B4B5919D22E}.Release|x86.Build.0 = Release|Any CPU
		{5081E739-2F3C-4BEF-9601-1650E1201997}.Debug|Any CPU.ActiveCfg = Debug|Any CPU
		{5081E739-2F3C-4BEF-9601-1650E1201997}.Debug|Any CPU.Build.0 = Debug|Any CPU
		{5081E739-2F3C-4BEF-9601-1650E1201997}.Debug|ARM.ActiveCfg = Debug|Any CPU
		{5081E739-2F3C-4BEF-9601-1650E1201997}.Debug|ARM.Build.0 = Debug|Any CPU
		{5081E739-2F3C-4BEF-9601-1650E1201997}.Debug|ARM64.ActiveCfg = Debug|Any CPU
		{5081E739-2F3C-4BEF-9601-1650E1201997}.Debug|ARM64.Build.0 = Debug|Any CPU
		{5081E739-2F3C-4BEF-9601-1650E1201997}.Debug|x64.ActiveCfg = Debug|Any CPU
		{5081E739-2F3C-4BEF-9601-1650E1201997}.Debug|x64.Build.0 = Debug|Any CPU
		{5081E739-2F3C-4BEF-9601-1650E1201997}.Debug|x86.ActiveCfg = Debug|Any CPU
		{5081E739-2F3C-4BEF-9601-1650E1201997}.Debug|x86.Build.0 = Debug|Any CPU
		{5081E739-2F3C-4BEF-9601-1650E1201997}.Release|Any CPU.ActiveCfg = Release|Any CPU
		{5081E739-2F3C-4BEF-9601-1650E1201997}.Release|Any CPU.Build.0 = Release|Any CPU
		{5081E739-2F3C-4BEF-9601-1650E1201997}.Release|ARM.ActiveCfg = Release|Any CPU
		{5081E739-2F3C-4BEF-9601-1650E1201997}.Release|ARM.Build.0 = Release|Any CPU
		{5081E739-2F3C-4BEF-9601-1650E1201997}.Release|ARM64.ActiveCfg = Release|Any CPU
		{5081E739-2F3C-4BEF-9601-1650E1201997}.Release|ARM64.Build.0 = Release|Any CPU
		{5081E739-2F3C-4BEF-9601-1650E1201997}.Release|x64.ActiveCfg = Release|Any CPU
		{5081E739-2F3C-4BEF-9601-1650E1201997}.Release|x64.Build.0 = Release|Any CPU
		{5081E739-2F3C-4BEF-9601-1650E1201997}.Release|x86.ActiveCfg = Release|Any CPU
		{5081E739-2F3C-4BEF-9601-1650E1201997}.Release|x86.Build.0 = Release|Any CPU
		{69E2C217-E490-429D-9744-F65D4834CC7C}.Debug|Any CPU.ActiveCfg = Debug|Any CPU
		{69E2C217-E490-429D-9744-F65D4834CC7C}.Debug|Any CPU.Build.0 = Debug|Any CPU
		{69E2C217-E490-429D-9744-F65D4834CC7C}.Debug|ARM.ActiveCfg = Debug|Any CPU
		{69E2C217-E490-429D-9744-F65D4834CC7C}.Debug|ARM.Build.0 = Debug|Any CPU
		{69E2C217-E490-429D-9744-F65D4834CC7C}.Debug|ARM64.ActiveCfg = Debug|Any CPU
		{69E2C217-E490-429D-9744-F65D4834CC7C}.Debug|ARM64.Build.0 = Debug|Any CPU
		{69E2C217-E490-429D-9744-F65D4834CC7C}.Debug|x64.ActiveCfg = Debug|Any CPU
		{69E2C217-E490-429D-9744-F65D4834CC7C}.Debug|x64.Build.0 = Debug|Any CPU
		{69E2C217-E490-429D-9744-F65D4834CC7C}.Debug|x86.ActiveCfg = Debug|Any CPU
		{69E2C217-E490-429D-9744-F65D4834CC7C}.Debug|x86.Build.0 = Debug|Any CPU
		{69E2C217-E490-429D-9744-F65D4834CC7C}.Release|Any CPU.ActiveCfg = Release|Any CPU
		{69E2C217-E490-429D-9744-F65D4834CC7C}.Release|Any CPU.Build.0 = Release|Any CPU
		{69E2C217-E490-429D-9744-F65D4834CC7C}.Release|ARM.ActiveCfg = Release|Any CPU
		{69E2C217-E490-429D-9744-F65D4834CC7C}.Release|ARM.Build.0 = Release|Any CPU
		{69E2C217-E490-429D-9744-F65D4834CC7C}.Release|ARM64.ActiveCfg = Release|Any CPU
		{69E2C217-E490-429D-9744-F65D4834CC7C}.Release|ARM64.Build.0 = Release|Any CPU
		{69E2C217-E490-429D-9744-F65D4834CC7C}.Release|x64.ActiveCfg = Release|Any CPU
		{69E2C217-E490-429D-9744-F65D4834CC7C}.Release|x64.Build.0 = Release|Any CPU
		{69E2C217-E490-429D-9744-F65D4834CC7C}.Release|x86.ActiveCfg = Release|Any CPU
		{69E2C217-E490-429D-9744-F65D4834CC7C}.Release|x86.Build.0 = Release|Any CPU
		{39774329-718C-42DF-985A-3B68A845B58F}.Debug|Any CPU.ActiveCfg = Debug|Any CPU
		{39774329-718C-42DF-985A-3B68A845B58F}.Debug|Any CPU.Build.0 = Debug|Any CPU
		{39774329-718C-42DF-985A-3B68A845B58F}.Debug|ARM.ActiveCfg = Debug|Any CPU
		{39774329-718C-42DF-985A-3B68A845B58F}.Debug|ARM.Build.0 = Debug|Any CPU
		{39774329-718C-42DF-985A-3B68A845B58F}.Debug|ARM64.ActiveCfg = Debug|Any CPU
		{39774329-718C-42DF-985A-3B68A845B58F}.Debug|ARM64.Build.0 = Debug|Any CPU
		{39774329-718C-42DF-985A-3B68A845B58F}.Debug|x64.ActiveCfg = Debug|Any CPU
		{39774329-718C-42DF-985A-3B68A845B58F}.Debug|x64.Build.0 = Debug|Any CPU
		{39774329-718C-42DF-985A-3B68A845B58F}.Debug|x86.ActiveCfg = Debug|Any CPU
		{39774329-718C-42DF-985A-3B68A845B58F}.Debug|x86.Build.0 = Debug|Any CPU
		{39774329-718C-42DF-985A-3B68A845B58F}.Release|Any CPU.ActiveCfg = Release|Any CPU
		{39774329-718C-42DF-985A-3B68A845B58F}.Release|Any CPU.Build.0 = Release|Any CPU
		{39774329-718C-42DF-985A-3B68A845B58F}.Release|ARM.ActiveCfg = Release|Any CPU
		{39774329-718C-42DF-985A-3B68A845B58F}.Release|ARM.Build.0 = Release|Any CPU
		{39774329-718C-42DF-985A-3B68A845B58F}.Release|ARM64.ActiveCfg = Release|Any CPU
		{39774329-718C-42DF-985A-3B68A845B58F}.Release|ARM64.Build.0 = Release|Any CPU
		{39774329-718C-42DF-985A-3B68A845B58F}.Release|x64.ActiveCfg = Release|Any CPU
		{39774329-718C-42DF-985A-3B68A845B58F}.Release|x64.Build.0 = Release|Any CPU
		{39774329-718C-42DF-985A-3B68A845B58F}.Release|x86.ActiveCfg = Release|Any CPU
		{39774329-718C-42DF-985A-3B68A845B58F}.Release|x86.Build.0 = Release|Any CPU
		{87D90B7F-CA4D-4378-998C-7B2E50A7B8C8}.Debug|Any CPU.ActiveCfg = Debug|Any CPU
		{87D90B7F-CA4D-4378-998C-7B2E50A7B8C8}.Debug|Any CPU.Build.0 = Debug|Any CPU
		{87D90B7F-CA4D-4378-998C-7B2E50A7B8C8}.Debug|ARM.ActiveCfg = Debug|Any CPU
		{87D90B7F-CA4D-4378-998C-7B2E50A7B8C8}.Debug|ARM.Build.0 = Debug|Any CPU
		{87D90B7F-CA4D-4378-998C-7B2E50A7B8C8}.Debug|ARM64.ActiveCfg = Debug|Any CPU
		{87D90B7F-CA4D-4378-998C-7B2E50A7B8C8}.Debug|ARM64.Build.0 = Debug|Any CPU
		{87D90B7F-CA4D-4378-998C-7B2E50A7B8C8}.Debug|x64.ActiveCfg = Debug|Any CPU
		{87D90B7F-CA4D-4378-998C-7B2E50A7B8C8}.Debug|x64.Build.0 = Debug|Any CPU
		{87D90B7F-CA4D-4378-998C-7B2E50A7B8C8}.Debug|x86.ActiveCfg = Debug|Any CPU
		{87D90B7F-CA4D-4378-998C-7B2E50A7B8C8}.Debug|x86.Build.0 = Debug|Any CPU
		{87D90B7F-CA4D-4378-998C-7B2E50A7B8C8}.Release|Any CPU.ActiveCfg = Release|Any CPU
		{87D90B7F-CA4D-4378-998C-7B2E50A7B8C8}.Release|Any CPU.Build.0 = Release|Any CPU
		{87D90B7F-CA4D-4378-998C-7B2E50A7B8C8}.Release|ARM.ActiveCfg = Release|Any CPU
		{87D90B7F-CA4D-4378-998C-7B2E50A7B8C8}.Release|ARM.Build.0 = Release|Any CPU
		{87D90B7F-CA4D-4378-998C-7B2E50A7B8C8}.Release|ARM64.ActiveCfg = Release|Any CPU
		{87D90B7F-CA4D-4378-998C-7B2E50A7B8C8}.Release|ARM64.Build.0 = Release|Any CPU
		{87D90B7F-CA4D-4378-998C-7B2E50A7B8C8}.Release|x64.ActiveCfg = Release|Any CPU
		{87D90B7F-CA4D-4378-998C-7B2E50A7B8C8}.Release|x64.Build.0 = Release|Any CPU
		{87D90B7F-CA4D-4378-998C-7B2E50A7B8C8}.Release|x86.ActiveCfg = Release|Any CPU
		{87D90B7F-CA4D-4378-998C-7B2E50A7B8C8}.Release|x86.Build.0 = Release|Any CPU
	EndGlobalSection
	GlobalSection(SolutionProperties) = preSolution
		HideSolutionNode = FALSE
	EndGlobalSection
	GlobalSection(NestedProjects) = preSolution
		{06C2AE73-CFD3-4AF4-92F5-723E0C47D65B} = {7D9CD1F7-DAA6-4A40-B7CB-CBE9563209FD}
		{D5D1CDC3-00AB-4176-BD67-71B0E7474566} = {D5CAA153-6FA3-45A2-9967-5C32E9201B07}
		{9F0D00CD-133F-412C-B87F-EE6051E28700} = {7D9CD1F7-DAA6-4A40-B7CB-CBE9563209FD}
		{E7B330C5-1B07-494C-A530-0D8C28162992} = {9F0D00CD-133F-412C-B87F-EE6051E28700}
		{C800A8A6-F3CD-477F-8ED9-B63AEB4E8981} = {9F0D00CD-133F-412C-B87F-EE6051E28700}
		{1F5CA0BD-FF78-4F9D-B0D7-9B689FCC5E4D} = {9F0D00CD-133F-412C-B87F-EE6051E28700}
		{FD43F776-A1EB-4555-9500-9A49CD88540A} = {9F0D00CD-133F-412C-B87F-EE6051E28700}
		{9CDC3C7B-4C4A-4D90-B95A-EFDDA2142F77} = {9F0D00CD-133F-412C-B87F-EE6051E28700}
		{83678611-7973-42CA-B655-9BD975D56570} = {9F0D00CD-133F-412C-B87F-EE6051E28700}
		{FDCB6B43-4478-4487-B61C-D0A687C9CE09} = {9F0D00CD-133F-412C-B87F-EE6051E28700}
		{79F4F24B-7CCF-4905-8933-2D43F86AE096} = {7D9CD1F7-DAA6-4A40-B7CB-CBE9563209FD}
		{D32A84E7-9DA0-461D-B03B-267E84B7D778} = {79F4F24B-7CCF-4905-8933-2D43F86AE096}
		{D4A2CFCE-6382-4E73-9BE9-E5EC6482D1CE} = {D32A84E7-9DA0-461D-B03B-267E84B7D778}
		{2C336734-6EA1-452C-9C9B-694731170AE3} = {D4A2CFCE-6382-4E73-9BE9-E5EC6482D1CE}
		{16E02E49-1116-4284-B4BB-2641C8A40327} = {D4A2CFCE-6382-4E73-9BE9-E5EC6482D1CE}
		{88EC912A-E819-491A-8FCD-C18A79E70645} = {D4A2CFCE-6382-4E73-9BE9-E5EC6482D1CE}
		{064CAF13-F47E-4600-81FB-6EE65111127F} = {9F0D00CD-133F-412C-B87F-EE6051E28700}
		{5319C56A-7E3E-4A43-B65F-F60F05536E56} = {D32A84E7-9DA0-461D-B03B-267E84B7D778}
		{5DA10D28-1EE7-49F9-B271-1102C5094467} = {9F0D00CD-133F-412C-B87F-EE6051E28700}
		{39EE9965-E737-4D95-8443-C0D14DAA86D6} = {5DA10D28-1EE7-49F9-B271-1102C5094467}
		{812F0D4C-ACC9-42AF-A386-40315DBA0FB2} = {5DA10D28-1EE7-49F9-B271-1102C5094467}
		{5CE1573F-2FBC-47CA-9306-8515AF537AA0} = {5DA10D28-1EE7-49F9-B271-1102C5094467}
		{788A0712-8363-46C4-AF01-987376C0FCCD} = {5DA10D28-1EE7-49F9-B271-1102C5094467}
		{A028A643-057F-479C-9080-C638A0F40641} = {5DA10D28-1EE7-49F9-B271-1102C5094467}
		{B54AEC6B-30F2-472A-9B6B-FA52120702E4} = {9F0D00CD-133F-412C-B87F-EE6051E28700}
		{97FB4E66-53AF-40E5-9645-E94F7E146929} = {9F0D00CD-133F-412C-B87F-EE6051E28700}
		{B2B779E8-C25A-4163-84A4-D96FCB54D09B} = {D32A84E7-9DA0-461D-B03B-267E84B7D778}
		{5240E794-95D4-4B50-8E87-22417D517216} = {79F4F24B-7CCF-4905-8933-2D43F86AE096}
		{B59E2F2F-0151-457A-A44C-37101D412149} = {79F4F24B-7CCF-4905-8933-2D43F86AE096}
		{5BF63585-1BC8-4426-B759-1A8F11C84B84} = {79F4F24B-7CCF-4905-8933-2D43F86AE096}
		{F625FE82-9C0C-4311-8DF9-9D5F715A3C93} = {9F0D00CD-133F-412C-B87F-EE6051E28700}
		{DA9FE433-00BC-4867-B7B2-110A479353D0} = {5BF63585-1BC8-4426-B759-1A8F11C84B84}
		{5796968C-4CF1-4604-B206-DC073E836D0D} = {5BF63585-1BC8-4426-B759-1A8F11C84B84}
		{A5C372A4-9762-4CE5-906C-24075813C668} = {5BF63585-1BC8-4426-B759-1A8F11C84B84}
		{11BB59CC-0AF4-4CD0-9011-F72D129E1291} = {5240E794-95D4-4B50-8E87-22417D517216}
		{F7E8094E-1875-4EA4-8A72-48DCF2123F0A} = {5BF63585-1BC8-4426-B759-1A8F11C84B84}
		{636C476F-8ED4-423E-87C0-20D327A1C293} = {06C2AE73-CFD3-4AF4-92F5-723E0C47D65B}
		{8630D7F4-6F8C-431F-AD62-848000112FCB} = {5240E794-95D4-4B50-8E87-22417D517216}
		{2D6BB8C2-A22A-45CD-9177-BABFE1D627D6} = {8630D7F4-6F8C-431F-AD62-848000112FCB}
		{F85B5751-A045-4166-A102-8096DBE1A395} = {5240E794-95D4-4B50-8E87-22417D517216}
		{1A3EAA0F-12B9-4D43-B97F-4585073A4339} = {F85B5751-A045-4166-A102-8096DBE1A395}
		{CC483A64-17EE-4593-9B81-A95163D30CBA} = {06C2AE73-CFD3-4AF4-92F5-723E0C47D65B}
		{1FA6B7AD-26BE-4E77-91F9-68C8D7B5DD98} = {9F0D00CD-133F-412C-B87F-EE6051E28700}
		{7AE90D28-F8C1-4413-9A58-8067ECE35D89} = {9F0D00CD-133F-412C-B87F-EE6051E28700}
		{6867B2DF-4E38-449C-9A87-6504A9DB4C28} = {5240E794-95D4-4B50-8E87-22417D517216}
		{4417E3AC-135C-48C0-9AD2-46C872800A5E} = {6867B2DF-4E38-449C-9A87-6504A9DB4C28}
		{8DC27B4E-2127-4E3D-A6B7-B0A4580F0BF3} = {B59E2F2F-0151-457A-A44C-37101D412149}
		{9BAD5A45-2578-4C16-8482-264F5A7129B5} = {6867B2DF-4E38-449C-9A87-6504A9DB4C28}
		{42BA00A3-06F1-4F8F-BD3E-C9E9A5F7CC6B} = {6867B2DF-4E38-449C-9A87-6504A9DB4C28}
		{D5CAA153-6FA3-45A2-9967-5C32E9201B07} = {79F4F24B-7CCF-4905-8933-2D43F86AE096}
		{994DE142-B380-44A9-89DE-54013CA6B295} = {D5CAA153-6FA3-45A2-9967-5C32E9201B07}
		{EF444262-DBD3-42E5-B642-31A794181D28} = {5240E794-95D4-4B50-8E87-22417D517216}
		{A5F718A5-B10F-4DD5-AFBA-0B4B5919D22E} = {9F0D00CD-133F-412C-B87F-EE6051E28700}
		{5081E739-2F3C-4BEF-9601-1650E1201997} = {8DC27B4E-2127-4E3D-A6B7-B0A4580F0BF3}
		{69E2C217-E490-429D-9744-F65D4834CC7C} = {8DC27B4E-2127-4E3D-A6B7-B0A4580F0BF3}
		{39774329-718C-42DF-985A-3B68A845B58F} = {8DC27B4E-2127-4E3D-A6B7-B0A4580F0BF3}
		{87D90B7F-CA4D-4378-998C-7B2E50A7B8C8} = {9F0D00CD-133F-412C-B87F-EE6051E28700}
	EndGlobalSection
	GlobalSection(ExtensibilityGlobals) = postSolution
		SolutionGuid = {F63AD2ED-4320-43AB-8761-A3FEBC507539}
	EndGlobalSection
EndGlobal
